// !$*UTF8*$!
{
	archiveVersion = 1;
	classes = {
	};
	objectVersion = 46;
	objects = {

/* Begin PBXBuildFile section */
		0E459598E225E56585AC1CD9 /* ofxPanel.cpp in Sources */ = {isa = PBXBuildFile; fileRef = 48DCDAD346F8188ABA98C64A /* ofxPanel.cpp */; };
		10939A98DD9B18CAABF72991 /* Wrappers.cpp in Sources */ = {isa = PBXBuildFile; fileRef = AF8A3A5953135980AFA4C40D /* Wrappers.cpp */; };
		1292E1D419C1CD74E94BBFE8 /* Distance.cpp in Sources */ = {isa = PBXBuildFile; fileRef = 65F74ADF5A3D2E03D25A7621 /* Distance.cpp */; };
		134B22A79BFCBEF5174DCA05 /* Kalman.cpp in Sources */ = {isa = PBXBuildFile; fileRef = 3C85800480C12D892AA2F0E9 /* Kalman.cpp */; };
		28189DB43CD152201712E778 /* ofxCvHaarFinder.cpp in Sources */ = {isa = PBXBuildFile; fileRef = B12400EDB0EE58FFA423EE0E /* ofxCvHaarFinder.cpp */; };
		3A47706C1DF9A0D4045568C0 /* ofxGuiGroup.cpp in Sources */ = {isa = PBXBuildFile; fileRef = D015FA91E7717ECC9591593E /* ofxGuiGroup.cpp */; };
		3EA704FE7EA39369A669859F /* RunningBackground.cpp in Sources */ = {isa = PBXBuildFile; fileRef = 3F55927604273B50CC60348D /* RunningBackground.cpp */; };
		40E7CEC62E17A8F6E6A443AE /* ofxCvGrayscaleImage.cpp in Sources */ = {isa = PBXBuildFile; fileRef = 6ADC1729A74FA3C4546C8168 /* ofxCvGrayscaleImage.cpp */; };
		413A3F52C6AC90B4F28A6A1C /* ofxToggle.cpp in Sources */ = {isa = PBXBuildFile; fileRef = 448869D12B9D05298EF975CB /* ofxToggle.cpp */; };
		447189475C7D8D0CC9C36B84 /* Utilities.cpp in Sources */ = {isa = PBXBuildFile; fileRef = C2049DA02804409E838C2852 /* Utilities.cpp */; };
		4658A6A134834CAE7045FA19 /* ofxCvFloatImage.cpp in Sources */ = {isa = PBXBuildFile; fileRef = CEC0A65B640729CFBF05911A /* ofxCvFloatImage.cpp */; };
		4927BB9D11FF7F57D3E2B51C /* ofxCvColorImage.cpp in Sources */ = {isa = PBXBuildFile; fileRef = BEA86F93D6BFAC2EE5D9D7C3 /* ofxCvColorImage.cpp */; };
		5A19C8751AC7968200E4085A /* Sound.cpp in Sources */ = {isa = PBXBuildFile; fileRef = 5A19C8731AC7968100E4085A /* Sound.cpp */; };
		63512F2008E135A7A3860582 /* ofxCvImage.cpp in Sources */ = {isa = PBXBuildFile; fileRef = D1484D2806E7E5ACEEE55436 /* ofxCvImage.cpp */; };
		6D69B5B606A5F6A8665A7BF9 /* Calibration.cpp in Sources */ = {isa = PBXBuildFile; fileRef = 4CFFF9614B061DC1049D6CBB /* Calibration.cpp */; };
		7B402ED651BC0C49EF93DFF3 /* ofxCvContourFinder.cpp in Sources */ = {isa = PBXBuildFile; fileRef = 4A3B118E824B20B86DF7DE58 /* ofxCvContourFinder.cpp */; };
		7F132770802F94FC6CC52A33 /* Helpers.cpp in Sources */ = {isa = PBXBuildFile; fileRef = 5B37DB41DD23E15E9569EE66 /* Helpers.cpp */; };
		87DD7E21053665D31B9BF7CD /* ObjectFinder.cpp in Sources */ = {isa = PBXBuildFile; fileRef = 4BD8E09F85BCCC9B76B22F17 /* ObjectFinder.cpp */; };
		92A50AF72101624C3A8E6446 /* ofxButton.cpp in Sources */ = {isa = PBXBuildFile; fileRef = C846292EE0D139BE5E0C7E7F /* ofxButton.cpp */; };
		9F74DFA8C0F57500C92936C8 /* ofxSlider.cpp in Sources */ = {isa = PBXBuildFile; fileRef = CFCAA4D953378BD89C6667D4 /* ofxSlider.cpp */; };
		A3C6983F8768ECD6DBA89E0F /* ofxSliderGroup.cpp in Sources */ = {isa = PBXBuildFile; fileRef = 70AAD97154A7F3A7E07DD2E8 /* ofxSliderGroup.cpp */; };
		B38AE0704C26620B0B1F72E4 /* ofxLabel.cpp in Sources */ = {isa = PBXBuildFile; fileRef = 0939545FB9EE4C7784F4342A /* ofxLabel.cpp */; };
		B7909929755C0547A366A91D /* ETF.cpp in Sources */ = {isa = PBXBuildFile; fileRef = 00CAF8F7019511653063CD94 /* ETF.cpp */; };
		BBAB23CB13894F3D00AA2426 /* GLUT.framework in CopyFiles */ = {isa = PBXBuildFile; fileRef = BBAB23BE13894E4700AA2426 /* GLUT.framework */; };
		D960334E6B29C99CB850BA11 /* Tracker.cpp in Sources */ = {isa = PBXBuildFile; fileRef = 0E481A2C7A5E7551203781D3 /* Tracker.cpp */; };
		DFCEB593AFB10B3AB1B4E26F /* fdog.cpp in Sources */ = {isa = PBXBuildFile; fileRef = A3451386B70C3591FE2E633E /* fdog.cpp */; };
		E4328149138ABC9F0047C5CB /* openFrameworksDebug.a in Frameworks */ = {isa = PBXBuildFile; fileRef = E4328148138ABC890047C5CB /* openFrameworksDebug.a */; };
		E45BE97B0E8CC7DD009D7055 /* AGL.framework in Frameworks */ = {isa = PBXBuildFile; fileRef = E45BE9710E8CC7DD009D7055 /* AGL.framework */; };
		E45BE97C0E8CC7DD009D7055 /* ApplicationServices.framework in Frameworks */ = {isa = PBXBuildFile; fileRef = E45BE9720E8CC7DD009D7055 /* ApplicationServices.framework */; };
		E45BE97D0E8CC7DD009D7055 /* AudioToolbox.framework in Frameworks */ = {isa = PBXBuildFile; fileRef = E45BE9730E8CC7DD009D7055 /* AudioToolbox.framework */; };
		E45BE97F0E8CC7DD009D7055 /* CoreAudio.framework in Frameworks */ = {isa = PBXBuildFile; fileRef = E45BE9750E8CC7DD009D7055 /* CoreAudio.framework */; };
		E45BE9800E8CC7DD009D7055 /* CoreFoundation.framework in Frameworks */ = {isa = PBXBuildFile; fileRef = E45BE9760E8CC7DD009D7055 /* CoreFoundation.framework */; };
		E45BE9810E8CC7DD009D7055 /* CoreServices.framework in Frameworks */ = {isa = PBXBuildFile; fileRef = E45BE9770E8CC7DD009D7055 /* CoreServices.framework */; };
		E45BE9830E8CC7DD009D7055 /* OpenGL.framework in Frameworks */ = {isa = PBXBuildFile; fileRef = E45BE9790E8CC7DD009D7055 /* OpenGL.framework */; };
		E45BE9840E8CC7DD009D7055 /* QuickTime.framework in Frameworks */ = {isa = PBXBuildFile; fileRef = E45BE97A0E8CC7DD009D7055 /* QuickTime.framework */; };
		E4B69E200A3A1BDC003C02F2 /* main.cpp in Sources */ = {isa = PBXBuildFile; fileRef = E4B69E1D0A3A1BDC003C02F2 /* main.cpp */; };
		E4B69E210A3A1BDC003C02F2 /* ofApp.cpp in Sources */ = {isa = PBXBuildFile; fileRef = E4B69E1E0A3A1BDC003C02F2 /* ofApp.cpp */; };
		E4C2424710CC5A17004149E2 /* AppKit.framework in Frameworks */ = {isa = PBXBuildFile; fileRef = E4C2424410CC5A17004149E2 /* AppKit.framework */; };
		E4C2424810CC5A17004149E2 /* Cocoa.framework in Frameworks */ = {isa = PBXBuildFile; fileRef = E4C2424510CC5A17004149E2 /* Cocoa.framework */; };
		E4C2424910CC5A17004149E2 /* IOKit.framework in Frameworks */ = {isa = PBXBuildFile; fileRef = E4C2424610CC5A17004149E2 /* IOKit.framework */; };
		E4EB6799138ADC1D00A09F29 /* GLUT.framework in Frameworks */ = {isa = PBXBuildFile; fileRef = BBAB23BE13894E4700AA2426 /* GLUT.framework */; };
		E7E077E515D3B63C0020DFD4 /* CoreVideo.framework in Frameworks */ = {isa = PBXBuildFile; fileRef = E7E077E415D3B63C0020DFD4 /* CoreVideo.framework */; };
		E7E077E815D3B6510020DFD4 /* QTKit.framework in Frameworks */ = {isa = PBXBuildFile; fileRef = E7E077E715D3B6510020DFD4 /* QTKit.framework */; };
		E7F985F815E0DEA3003869B5 /* Accelerate.framework in Frameworks */ = {isa = PBXBuildFile; fileRef = E7F985F515E0DE99003869B5 /* Accelerate.framework */; };
		FA0D4902FAA63D187EA61B31 /* ofxBaseGui.cpp in Sources */ = {isa = PBXBuildFile; fileRef = F7E061E873AC1C86679E4655 /* ofxBaseGui.cpp */; };
		FB436CF053C362ED0C07B967 /* ContourFinder.cpp in Sources */ = {isa = PBXBuildFile; fileRef = C096E5814900E8D19B7BF468 /* ContourFinder.cpp */; };
		FDD2B9823E25412D3B4FEA5A /* Flow.cpp in Sources */ = {isa = PBXBuildFile; fileRef = 55E4C26E079241E7760E2AD2 /* Flow.cpp */; };
		FEE13C3059BFBFB576FCBAF7 /* ofxCvShortImage.cpp in Sources */ = {isa = PBXBuildFile; fileRef = B647C46D3728CF38EDFC625B /* ofxCvShortImage.cpp */; };
/* End PBXBuildFile section */

/* Begin PBXContainerItemProxy section */
		E4328147138ABC890047C5CB /* PBXContainerItemProxy */ = {
			isa = PBXContainerItemProxy;
			containerPortal = E4328143138ABC890047C5CB /* openFrameworksLib.xcodeproj */;
			proxyType = 2;
			remoteGlobalIDString = E4B27C1510CBEB8E00536013;
			remoteInfo = openFrameworks;
		};
		E4EEB9AB138B136A00A80321 /* PBXContainerItemProxy */ = {
			isa = PBXContainerItemProxy;
			containerPortal = E4328143138ABC890047C5CB /* openFrameworksLib.xcodeproj */;
			proxyType = 1;
			remoteGlobalIDString = E4B27C1410CBEB8E00536013;
			remoteInfo = openFrameworks;
		};
/* End PBXContainerItemProxy section */

/* Begin PBXCopyFilesBuildPhase section */
		E4C2427710CC5ABF004149E2 /* CopyFiles */ = {
			isa = PBXCopyFilesBuildPhase;
			buildActionMask = 2147483647;
			dstPath = "";
			dstSubfolderSpec = 10;
			files = (
				BBAB23CB13894F3D00AA2426 /* GLUT.framework in CopyFiles */,
			);
			runOnlyForDeploymentPostprocessing = 0;
		};
/* End PBXCopyFilesBuildPhase section */

/* Begin PBXFileReference section */
		00CAF8F7019511653063CD94 /* ETF.cpp */ = {isa = PBXFileReference; explicitFileType = sourcecode.cpp.cpp; fileEncoding = 30; name = ETF.cpp; path = ../../addons/ofxCv/libs/CLD/src/ETF.cpp; sourceTree = SOURCE_ROOT; };
		014EB235B442BDC154E2B4D9 /* cvaux.h */ = {isa = PBXFileReference; explicitFileType = sourcecode.c.h; fileEncoding = 30; name = cvaux.h; path = ../../addons/ofxOpenCv/libs/opencv/include/opencv/cvaux.h; sourceTree = SOURCE_ROOT; };
		02248182416165E37BF8B6D3 /* dist.h */ = {isa = PBXFileReference; explicitFileType = sourcecode.c.h; fileEncoding = 30; name = dist.h; path = ../../addons/ofxOpenCv/libs/opencv/include/opencv2/flann/dist.h; sourceTree = SOURCE_ROOT; };
		0471EAB9E74A15026488D972 /* features2d.hpp */ = {isa = PBXFileReference; explicitFileType = sourcecode.c.h; fileEncoding = 30; name = features2d.hpp; path = ../../addons/ofxOpenCv/libs/opencv/include/opencv2/features2d/features2d.hpp; sourceTree = SOURCE_ROOT; };
		0939545FB9EE4C7784F4342A /* ofxLabel.cpp */ = {isa = PBXFileReference; explicitFileType = sourcecode.cpp.cpp; fileEncoding = 30; name = ofxLabel.cpp; path = ../../addons/ofxGui/src/ofxLabel.cpp; sourceTree = SOURCE_ROOT; };
		09B967DE9D9BDF163827DAF3 /* ofxBaseGui.h */ = {isa = PBXFileReference; explicitFileType = sourcecode.c.h; fileEncoding = 30; name = ofxBaseGui.h; path = ../../addons/ofxGui/src/ofxBaseGui.h; sourceTree = SOURCE_ROOT; };
		09DF232742611E8F9441A2B9 /* ofxOpenCv.h */ = {isa = PBXFileReference; explicitFileType = sourcecode.c.h; fileEncoding = 30; name = ofxOpenCv.h; path = ../../addons/ofxOpenCv/src/ofxOpenCv.h; sourceTree = SOURCE_ROOT; };
		0BCCB8E847448841ED987D82 /* ofxCv.h */ = {isa = PBXFileReference; explicitFileType = sourcecode.c.h; fileEncoding = 30; name = ofxCv.h; path = ../../addons/ofxCv/src/ofxCv.h; sourceTree = SOURCE_ROOT; };
		0D6081D94E2B01A410FBF701 /* cxcore.h */ = {isa = PBXFileReference; explicitFileType = sourcecode.c.h; fileEncoding = 30; name = cxcore.h; path = ../../addons/ofxOpenCv/libs/opencv/include/opencv/cxcore.h; sourceTree = SOURCE_ROOT; };
		0E481A2C7A5E7551203781D3 /* Tracker.cpp */ = {isa = PBXFileReference; explicitFileType = sourcecode.cpp.cpp; fileEncoding = 30; name = Tracker.cpp; path = ../../addons/ofxCv/libs/ofxCv/src/Tracker.cpp; sourceTree = SOURCE_ROOT; };
		0F8287467456A6632713E15B /* legacy.hpp */ = {isa = PBXFileReference; explicitFileType = sourcecode.c.h; fileEncoding = 30; name = legacy.hpp; path = ../../addons/ofxOpenCv/libs/opencv/include/opencv2/legacy/legacy.hpp; sourceTree = SOURCE_ROOT; };
		149EC2D5803444BC98F68EA7 /* hierarchical_clustering_index.h */ = {isa = PBXFileReference; explicitFileType = sourcecode.c.h; fileEncoding = 30; name = hierarchical_clustering_index.h; path = ../../addons/ofxOpenCv/libs/opencv/include/opencv2/flann/hierarchical_clustering_index.h; sourceTree = SOURCE_ROOT; };
		16C42549454E205E4A4248D2 /* gpu.hpp */ = {isa = PBXFileReference; explicitFileType = sourcecode.c.h; fileEncoding = 30; name = gpu.hpp; path = ../../addons/ofxOpenCv/libs/opencv/include/opencv2/gpu/gpu.hpp; sourceTree = SOURCE_ROOT; };
		1721C7FA4331C81A7A132948 /* myvec.h */ = {isa = PBXFileReference; explicitFileType = sourcecode.c.h; fileEncoding = 30; name = myvec.h; path = ../../addons/ofxCv/libs/CLD/include/CLD/myvec.h; sourceTree = SOURCE_ROOT; };
		17964CEE60E51DCFA80FE3FF /* calib3d.hpp */ = {isa = PBXFileReference; explicitFileType = sourcecode.c.h; fileEncoding = 30; name = calib3d.hpp; path = ../../addons/ofxOpenCv/libs/opencv/include/opencv2/calib3d/calib3d.hpp; sourceTree = SOURCE_ROOT; };
		189C2C29EB8896D8476CA771 /* index_testing.h */ = {isa = PBXFileReference; explicitFileType = sourcecode.c.h; fileEncoding = 30; name = index_testing.h; path = ../../addons/ofxOpenCv/libs/opencv/include/opencv2/flann/index_testing.h; sourceTree = SOURCE_ROOT; };
		1A5BD1A56E2B04BD6C212A63 /* dynamic_bitset.h */ = {isa = PBXFileReference; explicitFileType = sourcecode.c.h; fileEncoding = 30; name = dynamic_bitset.h; path = ../../addons/ofxOpenCv/libs/opencv/include/opencv2/flann/dynamic_bitset.h; sourceTree = SOURCE_ROOT; };
		1DA21A3E0C1F72C0293C8A15 /* Calibration.h */ = {isa = PBXFileReference; explicitFileType = sourcecode.c.h; fileEncoding = 30; name = Calibration.h; path = ../../addons/ofxCv/libs/ofxCv/include/ofxCv/Calibration.h; sourceTree = SOURCE_ROOT; };
		1F99A9A9095E30305FD686C3 /* Kalman.h */ = {isa = PBXFileReference; explicitFileType = sourcecode.c.h; fileEncoding = 30; name = Kalman.h; path = ../../addons/ofxCv/libs/ofxCv/include/ofxCv/Kalman.h; sourceTree = SOURCE_ROOT; };
		217416037D6BECCA57032287 /* types_c.h */ = {isa = PBXFileReference; explicitFileType = sourcecode.c.h; fileEncoding = 30; name = types_c.h; path = ../../addons/ofxOpenCv/libs/opencv/include/opencv2/imgproc/types_c.h; sourceTree = SOURCE_ROOT; };
		236E08D304C8C1F4EFD3620C /* ofxCvFloatImage.h */ = {isa = PBXFileReference; explicitFileType = sourcecode.c.h; fileEncoding = 30; name = ofxCvFloatImage.h; path = ../../addons/ofxOpenCv/src/ofxCvFloatImage.h; sourceTree = SOURCE_ROOT; };
		2B61A2D69530C86CFBE2CB65 /* ts_gtest.h */ = {isa = PBXFileReference; explicitFileType = sourcecode.c.h; fileEncoding = 30; name = ts_gtest.h; path = ../../addons/ofxOpenCv/libs/opencv/include/opencv2/ts/ts_gtest.h; sourceTree = SOURCE_ROOT; };
		2BBA11627E73633AC56D854F /* imgproc.hpp */ = {isa = PBXFileReference; explicitFileType = sourcecode.c.h; fileEncoding = 30; name = imgproc.hpp; path = ../../addons/ofxOpenCv/libs/opencv/include/opencv2/imgproc/imgproc.hpp; sourceTree = SOURCE_ROOT; };
		2E60D09E7C352EE54EDEBB1A /* wimage.hpp */ = {isa = PBXFileReference; explicitFileType = sourcecode.c.h; fileEncoding = 30; name = wimage.hpp; path = ../../addons/ofxOpenCv/libs/opencv/include/opencv2/core/wimage.hpp; sourceTree = SOURCE_ROOT; };
		2F3714ED9FA28845B6C06ED7 /* kdtree_single_index.h */ = {isa = PBXFileReference; explicitFileType = sourcecode.c.h; fileEncoding = 30; name = kdtree_single_index.h; path = ../../addons/ofxOpenCv/libs/opencv/include/opencv2/flann/kdtree_single_index.h; sourceTree = SOURCE_ROOT; };
		2F6A7D3BF4694D651E3F3B70 /* flann_base.hpp */ = {isa = PBXFileReference; explicitFileType = sourcecode.c.h; fileEncoding = 30; name = flann_base.hpp; path = ../../addons/ofxOpenCv/libs/opencv/include/opencv2/flann/flann_base.hpp; sourceTree = SOURCE_ROOT; };
		2F92FA578B5EAEB49229F4EF /* ofxCvConstants.h */ = {isa = PBXFileReference; explicitFileType = sourcecode.c.h; fileEncoding = 30; name = ofxCvConstants.h; path = ../../addons/ofxOpenCv/src/ofxCvConstants.h; sourceTree = SOURCE_ROOT; };
		307149AFFC2C2950B9990326 /* ofxCvColorImage.h */ = {isa = PBXFileReference; explicitFileType = sourcecode.c.h; fileEncoding = 30; name = ofxCvColorImage.h; path = ../../addons/ofxOpenCv/src/ofxCvColorImage.h; sourceTree = SOURCE_ROOT; };
		30FBE956F4C7DC9512650735 /* ObjectFinder.h */ = {isa = PBXFileReference; explicitFileType = sourcecode.c.h; fileEncoding = 30; name = ObjectFinder.h; path = ../../addons/ofxCv/libs/ofxCv/include/ofxCv/ObjectFinder.h; sourceTree = SOURCE_ROOT; };
		328D3F9EC72E83441FBB1964 /* cxcore.hpp */ = {isa = PBXFileReference; explicitFileType = sourcecode.c.h; fileEncoding = 30; name = cxcore.hpp; path = ../../addons/ofxOpenCv/libs/opencv/include/opencv/cxcore.hpp; sourceTree = SOURCE_ROOT; };
		37565F9A6A9BAB83933F9F09 /* retina.hpp */ = {isa = PBXFileReference; explicitFileType = sourcecode.c.h; fileEncoding = 30; name = retina.hpp; path = ../../addons/ofxOpenCv/libs/opencv/include/opencv2/contrib/retina.hpp; sourceTree = SOURCE_ROOT; };
		377DC4911D8323C5BCDE358C /* object_factory.h */ = {isa = PBXFileReference; explicitFileType = sourcecode.c.h; fileEncoding = 30; name = object_factory.h; path = ../../addons/ofxOpenCv/libs/opencv/include/opencv2/flann/object_factory.h; sourceTree = SOURCE_ROOT; };
		3C2E2D712302594BA928C908 /* cvaux.hpp */ = {isa = PBXFileReference; explicitFileType = sourcecode.c.h; fileEncoding = 30; name = cvaux.hpp; path = ../../addons/ofxOpenCv/libs/opencv/include/opencv/cvaux.hpp; sourceTree = SOURCE_ROOT; };
		3C85800480C12D892AA2F0E9 /* Kalman.cpp */ = {isa = PBXFileReference; explicitFileType = sourcecode.cpp.cpp; fileEncoding = 30; name = Kalman.cpp; path = ../../addons/ofxCv/libs/ofxCv/src/Kalman.cpp; sourceTree = SOURCE_ROOT; };
		3CC741100B92BDA61AE0539B /* lsh_index.h */ = {isa = PBXFileReference; explicitFileType = sourcecode.c.h; fileEncoding = 30; name = lsh_index.h; path = ../../addons/ofxOpenCv/libs/opencv/include/opencv2/flann/lsh_index.h; sourceTree = SOURCE_ROOT; };
		3CF911870940E533C72C5C3D /* defines.h */ = {isa = PBXFileReference; explicitFileType = sourcecode.c.h; fileEncoding = 30; name = defines.h; path = ../../addons/ofxOpenCv/libs/opencv/include/opencv2/flann/defines.h; sourceTree = SOURCE_ROOT; };
		3F55927604273B50CC60348D /* RunningBackground.cpp */ = {isa = PBXFileReference; explicitFileType = sourcecode.cpp.cpp; fileEncoding = 30; name = RunningBackground.cpp; path = ../../addons/ofxCv/libs/ofxCv/src/RunningBackground.cpp; sourceTree = SOURCE_ROOT; };
		40FA6EB56122C95578919F5E /* any.h */ = {isa = PBXFileReference; explicitFileType = sourcecode.c.h; fileEncoding = 30; name = any.h; path = ../../addons/ofxOpenCv/libs/opencv/include/opencv2/flann/any.h; sourceTree = SOURCE_ROOT; };
		4144FB0C3ECE2DEF836458C5 /* ofxCvShortImage.h */ = {isa = PBXFileReference; explicitFileType = sourcecode.c.h; fileEncoding = 30; name = ofxCvShortImage.h; path = ../../addons/ofxOpenCv/src/ofxCvShortImage.h; sourceTree = SOURCE_ROOT; };
		427E339F3028FB9BD2583091 /* sampling.h */ = {isa = PBXFileReference; explicitFileType = sourcecode.c.h; fileEncoding = 30; name = sampling.h; path = ../../addons/ofxOpenCv/libs/opencv/include/opencv2/flann/sampling.h; sourceTree = SOURCE_ROOT; };
		4290CF699587C21860622709 /* linear_index.h */ = {isa = PBXFileReference; explicitFileType = sourcecode.c.h; fileEncoding = 30; name = linear_index.h; path = ../../addons/ofxOpenCv/libs/opencv/include/opencv2/flann/linear_index.h; sourceTree = SOURCE_ROOT; };
		42C9C53CA63CC693A1B200FF /* ofxSlider.h */ = {isa = PBXFileReference; explicitFileType = sourcecode.c.h; fileEncoding = 30; name = ofxSlider.h; path = ../../addons/ofxGui/src/ofxSlider.h; sourceTree = SOURCE_ROOT; };
		448869D12B9D05298EF975CB /* ofxToggle.cpp */ = {isa = PBXFileReference; explicitFileType = sourcecode.cpp.cpp; fileEncoding = 30; name = ofxToggle.cpp; path = ../../addons/ofxGui/src/ofxToggle.cpp; sourceTree = SOURCE_ROOT; };
		4544758CCDE8420309DFAB7E /* miniflann.hpp */ = {isa = PBXFileReference; explicitFileType = sourcecode.c.h; fileEncoding = 30; name = miniflann.hpp; path = ../../addons/ofxOpenCv/libs/opencv/include/opencv2/flann/miniflann.hpp; sourceTree = SOURCE_ROOT; };
		4577B15B4EA8356A26832F9B /* ofxSliderGroup.h */ = {isa = PBXFileReference; explicitFileType = sourcecode.c.h; fileEncoding = 30; name = ofxSliderGroup.h; path = ../../addons/ofxGui/src/ofxSliderGroup.h; sourceTree = SOURCE_ROOT; };
		4581B326630EC957ED91E25E /* ofxToggle.h */ = {isa = PBXFileReference; explicitFileType = sourcecode.c.h; fileEncoding = 30; name = ofxToggle.h; path = ../../addons/ofxGui/src/ofxToggle.h; sourceTree = SOURCE_ROOT; };
		45880FFA3231CAA0144404DB /* matrix_operations.hpp */ = {isa = PBXFileReference; explicitFileType = sourcecode.c.h; fileEncoding = 30; name = matrix_operations.hpp; path = ../../addons/ofxOpenCv/libs/opencv/include/opencv2/gpu/matrix_operations.hpp; sourceTree = SOURCE_ROOT; };
		46DB532E43D2EA6A1FD36444 /* Distance.h */ = {isa = PBXFileReference; explicitFileType = sourcecode.c.h; fileEncoding = 30; name = Distance.h; path = ../../addons/ofxCv/libs/ofxCv/include/ofxCv/Distance.h; sourceTree = SOURCE_ROOT; };
		4783972A174D4413B88F8AFD /* background_segm.hpp */ = {isa = PBXFileReference; explicitFileType = sourcecode.c.h; fileEncoding = 30; name = background_segm.hpp; path = ../../addons/ofxOpenCv/libs/opencv/include/opencv2/video/background_segm.hpp; sourceTree = SOURCE_ROOT; };
		48213A907638718C4206147B /* gpumat.hpp */ = {isa = PBXFileReference; explicitFileType = sourcecode.c.h; fileEncoding = 30; name = gpumat.hpp; path = ../../addons/ofxOpenCv/libs/opencv/include/opencv2/gpu/gpumat.hpp; sourceTree = SOURCE_ROOT; };
		48DCDAD346F8188ABA98C64A /* ofxPanel.cpp */ = {isa = PBXFileReference; explicitFileType = sourcecode.cpp.cpp; fileEncoding = 30; name = ofxPanel.cpp; path = ../../addons/ofxGui/src/ofxPanel.cpp; sourceTree = SOURCE_ROOT; };
		4A3B118E824B20B86DF7DE58 /* ofxCvContourFinder.cpp */ = {isa = PBXFileReference; explicitFileType = sourcecode.cpp.cpp; fileEncoding = 30; name = ofxCvContourFinder.cpp; path = ../../addons/ofxOpenCv/src/ofxCvContourFinder.cpp; sourceTree = SOURCE_ROOT; };
		4B6505ED9C6446DF9FB6AE8A /* stream_accessor.hpp */ = {isa = PBXFileReference; explicitFileType = sourcecode.c.h; fileEncoding = 30; name = stream_accessor.hpp; path = ../../addons/ofxOpenCv/libs/opencv/include/opencv2/gpu/stream_accessor.hpp; sourceTree = SOURCE_ROOT; };
		4BD8E09F85BCCC9B76B22F17 /* ObjectFinder.cpp */ = {isa = PBXFileReference; explicitFileType = sourcecode.cpp.cpp; fileEncoding = 30; name = ObjectFinder.cpp; path = ../../addons/ofxCv/libs/ofxCv/src/ObjectFinder.cpp; sourceTree = SOURCE_ROOT; };
		4CFFF9614B061DC1049D6CBB /* Calibration.cpp */ = {isa = PBXFileReference; explicitFileType = sourcecode.cpp.cpp; fileEncoding = 30; name = Calibration.cpp; path = ../../addons/ofxCv/libs/ofxCv/src/Calibration.cpp; sourceTree = SOURCE_ROOT; };
		4D05A05EE7260048569D1077 /* ofxCvBlob.h */ = {isa = PBXFileReference; explicitFileType = sourcecode.c.h; fileEncoding = 30; name = ofxCvBlob.h; path = ../../addons/ofxOpenCv/src/ofxCvBlob.h; sourceTree = SOURCE_ROOT; };
		4D2B970F7E2D8AB7F8A28736 /* types_c.h */ = {isa = PBXFileReference; explicitFileType = sourcecode.c.h; fileEncoding = 30; name = types_c.h; path = ../../addons/ofxOpenCv/libs/opencv/include/opencv2/core/types_c.h; sourceTree = SOURCE_ROOT; };
		4F2523686D5C62AE6A908D37 /* autotuned_index.h */ = {isa = PBXFileReference; explicitFileType = sourcecode.c.h; fileEncoding = 30; name = autotuned_index.h; path = ../../addons/ofxOpenCv/libs/opencv/include/opencv2/flann/autotuned_index.h; sourceTree = SOURCE_ROOT; };
		4F9551C3FBF848DF89031F48 /* allocator.h */ = {isa = PBXFileReference; explicitFileType = sourcecode.c.h; fileEncoding = 30; name = allocator.h; path = ../../addons/ofxOpenCv/libs/opencv/include/opencv2/flann/allocator.h; sourceTree = SOURCE_ROOT; };
		547A933DA9D18C873D986A2B /* operations.hpp */ = {isa = PBXFileReference; explicitFileType = sourcecode.c.h; fileEncoding = 30; name = operations.hpp; path = ../../addons/ofxOpenCv/libs/opencv/include/opencv2/core/operations.hpp; sourceTree = SOURCE_ROOT; };
		55E4C26E079241E7760E2AD2 /* Flow.cpp */ = {isa = PBXFileReference; explicitFileType = sourcecode.cpp.cpp; fileEncoding = 30; name = Flow.cpp; path = ../../addons/ofxCv/libs/ofxCv/src/Flow.cpp; sourceTree = SOURCE_ROOT; };
		59E7025DD3988EC444200EEE /* matrix.h */ = {isa = PBXFileReference; explicitFileType = sourcecode.c.h; fileEncoding = 30; name = matrix.h; path = ../../addons/ofxOpenCv/libs/opencv/include/opencv2/flann/matrix.h; sourceTree = SOURCE_ROOT; };
		5A19C8731AC7968100E4085A /* Sound.cpp */ = {isa = PBXFileReference; fileEncoding = 4; lastKnownFileType = sourcecode.cpp.cpp; path = Sound.cpp; sourceTree = "<group>"; };
		5A19C8741AC7968100E4085A /* Sound.h */ = {isa = PBXFileReference; fileEncoding = 4; lastKnownFileType = sourcecode.c.h; path = Sound.h; sourceTree = "<group>"; };
		5B37DB41DD23E15E9569EE66 /* Helpers.cpp */ = {isa = PBXFileReference; explicitFileType = sourcecode.cpp.cpp; fileEncoding = 30; name = Helpers.cpp; path = ../../addons/ofxCv/libs/ofxCv/src/Helpers.cpp; sourceTree = SOURCE_ROOT; };
		5E3DC78BDF18B305E356514A /* random.h */ = {isa = PBXFileReference; explicitFileType = sourcecode.c.h; fileEncoding = 30; name = random.h; path = ../../addons/ofxOpenCv/libs/opencv/include/opencv2/flann/random.h; sourceTree = SOURCE_ROOT; };
		5EC47C2AA32281D0EA6D9907 /* saving.h */ = {isa = PBXFileReference; explicitFileType = sourcecode.c.h; fileEncoding = 30; name = saving.h; path = ../../addons/ofxOpenCv/libs/opencv/include/opencv2/flann/saving.h; sourceTree = SOURCE_ROOT; };
		65F74ADF5A3D2E03D25A7621 /* Distance.cpp */ = {isa = PBXFileReference; explicitFileType = sourcecode.cpp.cpp; fileEncoding = 30; name = Distance.cpp; path = ../../addons/ofxCv/libs/ofxCv/src/Distance.cpp; sourceTree = SOURCE_ROOT; };
		688CF4088F807990CBF982F4 /* cv.hpp */ = {isa = PBXFileReference; explicitFileType = sourcecode.c.h; fileEncoding = 30; name = cv.hpp; path = ../../addons/ofxOpenCv/libs/opencv/include/opencv/cv.hpp; sourceTree = SOURCE_ROOT; };
		68B7A80AE230B33D7D5A5AFC /* Tracker.h */ = {isa = PBXFileReference; explicitFileType = sourcecode.c.h; fileEncoding = 30; name = Tracker.h; path = ../../addons/ofxCv/libs/ofxCv/include/ofxCv/Tracker.h; sourceTree = SOURCE_ROOT; };
		6ADC1729A74FA3C4546C8168 /* ofxCvGrayscaleImage.cpp */ = {isa = PBXFileReference; explicitFileType = sourcecode.cpp.cpp; fileEncoding = 30; name = ofxCvGrayscaleImage.cpp; path = ../../addons/ofxOpenCv/src/ofxCvGrayscaleImage.cpp; sourceTree = SOURCE_ROOT; };
		6ADD271F71E5CF8161B45109 /* logger.h */ = {isa = PBXFileReference; explicitFileType = sourcecode.c.h; fileEncoding = 30; name = logger.h; path = ../../addons/ofxOpenCv/libs/opencv/include/opencv2/flann/logger.h; sourceTree = SOURCE_ROOT; };
		70AAD97154A7F3A7E07DD2E8 /* ofxSliderGroup.cpp */ = {isa = PBXFileReference; explicitFileType = sourcecode.cpp.cpp; fileEncoding = 30; name = ofxSliderGroup.cpp; path = ../../addons/ofxGui/src/ofxSliderGroup.cpp; sourceTree = SOURCE_ROOT; };
		72B09CED9EDEB5AF9DE0104C /* ml.h */ = {isa = PBXFileReference; explicitFileType = sourcecode.c.h; fileEncoding = 30; name = ml.h; path = ../../addons/ofxOpenCv/libs/opencv/include/opencv/ml.h; sourceTree = SOURCE_ROOT; };
		739B26286FE49235D3754BC0 /* kdtree_index.h */ = {isa = PBXFileReference; explicitFileType = sourcecode.c.h; fileEncoding = 30; name = kdtree_index.h; path = ../../addons/ofxOpenCv/libs/opencv/include/opencv2/flann/kdtree_index.h; sourceTree = SOURCE_ROOT; };
		73D2DFC7194C57675EC63F0E /* streams.hpp */ = {isa = PBXFileReference; explicitFileType = sourcecode.c.h; fileEncoding = 30; name = streams.hpp; path = ../../addons/ofxOpenCv/libs/opencv/include/opencv2/legacy/streams.hpp; sourceTree = SOURCE_ROOT; };
		7580327005E2ED2C282261D4 /* objdetect.hpp */ = {isa = PBXFileReference; explicitFileType = sourcecode.c.h; fileEncoding = 30; name = objdetect.hpp; path = ../../addons/ofxOpenCv/libs/opencv/include/opencv2/objdetect/objdetect.hpp; sourceTree = SOURCE_ROOT; };
		77C5804FE62B44A0DAAD80AE /* ofxCvGrayscaleImage.h */ = {isa = PBXFileReference; explicitFileType = sourcecode.c.h; fileEncoding = 30; name = ofxCvGrayscaleImage.h; path = ../../addons/ofxOpenCv/src/ofxCvGrayscaleImage.h; sourceTree = SOURCE_ROOT; };
		79294254C5A26639AA565C63 /* devmem2d.hpp */ = {isa = PBXFileReference; explicitFileType = sourcecode.c.h; fileEncoding = 30; name = devmem2d.hpp; path = ../../addons/ofxOpenCv/libs/opencv/include/opencv2/gpu/devmem2d.hpp; sourceTree = SOURCE_ROOT; };
		797A8282101F29D144C57B64 /* core_c.h */ = {isa = PBXFileReference; explicitFileType = sourcecode.c.h; fileEncoding = 30; name = core_c.h; path = ../../addons/ofxOpenCv/libs/opencv/include/opencv2/core/core_c.h; sourceTree = SOURCE_ROOT; };
		7B08E4E649CE19418198659E /* ofxButton.h */ = {isa = PBXFileReference; explicitFileType = sourcecode.c.h; fileEncoding = 30; name = ofxButton.h; path = ../../addons/ofxGui/src/ofxButton.h; sourceTree = SOURCE_ROOT; };
		7DBFDBDB76046177350612D2 /* tracking.hpp */ = {isa = PBXFileReference; explicitFileType = sourcecode.c.h; fileEncoding = 30; name = tracking.hpp; path = ../../addons/ofxOpenCv/libs/opencv/include/opencv2/video/tracking.hpp; sourceTree = SOURCE_ROOT; };
		80DB8A8D74223CEC0901D697 /* ContourFinder.h */ = {isa = PBXFileReference; explicitFileType = sourcecode.c.h; fileEncoding = 30; name = ContourFinder.h; path = ../../addons/ofxCv/libs/ofxCv/include/ofxCv/ContourFinder.h; sourceTree = SOURCE_ROOT; };
		846440EB6A7762A75DC0D661 /* ofxGuiGroup.h */ = {isa = PBXFileReference; explicitFileType = sourcecode.c.h; fileEncoding = 30; name = ofxGuiGroup.h; path = ../../addons/ofxGui/src/ofxGuiGroup.h; sourceTree = SOURCE_ROOT; };
		85B3C7B86B76F0358F049F64 /* opencv.hpp */ = {isa = PBXFileReference; explicitFileType = sourcecode.c.h; fileEncoding = 30; name = opencv.hpp; path = ../../addons/ofxOpenCv/libs/opencv/include/opencv2/opencv.hpp; sourceTree = SOURCE_ROOT; };
		875DFFD0B7EF7D7F1DE6783C /* all_indices.h */ = {isa = PBXFileReference; explicitFileType = sourcecode.c.h; fileEncoding = 30; name = all_indices.h; path = ../../addons/ofxOpenCv/libs/opencv/include/opencv2/flann/all_indices.h; sourceTree = SOURCE_ROOT; };
		8B96A4C04BA05AE064B1D86F /* ETF.h */ = {isa = PBXFileReference; explicitFileType = sourcecode.c.h; fileEncoding = 30; name = ETF.h; path = ../../addons/ofxCv/libs/CLD/include/CLD/ETF.h; sourceTree = SOURCE_ROOT; };
		8D2763C32AE49E5211F562F3 /* cxeigen.hpp */ = {isa = PBXFileReference; explicitFileType = sourcecode.c.h; fileEncoding = 30; name = cxeigen.hpp; path = ../../addons/ofxOpenCv/libs/opencv/include/opencv/cxeigen.hpp; sourceTree = SOURCE_ROOT; };
		8D9A1009207B773EBC732059 /* version.hpp */ = {isa = PBXFileReference; explicitFileType = sourcecode.c.h; fileEncoding = 30; name = version.hpp; path = ../../addons/ofxOpenCv/libs/opencv/include/opencv2/core/version.hpp; sourceTree = SOURCE_ROOT; };
		8E0D8EA266C129C148918B81 /* video.hpp */ = {isa = PBXFileReference; explicitFileType = sourcecode.c.h; fileEncoding = 30; name = video.hpp; path = ../../addons/ofxOpenCv/libs/opencv/include/opencv2/video/video.hpp; sourceTree = SOURCE_ROOT; };
		8FD1797ECDDC571B75C21646 /* ofxLabel.h */ = {isa = PBXFileReference; explicitFileType = sourcecode.c.h; fileEncoding = 30; name = ofxLabel.h; path = ../../addons/ofxGui/src/ofxLabel.h; sourceTree = SOURCE_ROOT; };
		90D90726DAE413AB97A99C96 /* cvwimage.h */ = {isa = PBXFileReference; explicitFileType = sourcecode.c.h; fileEncoding = 30; name = cvwimage.h; path = ../../addons/ofxOpenCv/libs/opencv/include/opencv/cvwimage.h; sourceTree = SOURCE_ROOT; };
		92EE6ACE72702E26FA299C68 /* Utilities.h */ = {isa = PBXFileReference; explicitFileType = sourcecode.c.h; fileEncoding = 30; name = Utilities.h; path = ../../addons/ofxCv/libs/ofxCv/include/ofxCv/Utilities.h; sourceTree = SOURCE_ROOT; };
		93AEB960169F558DA43ADE28 /* config.h */ = {isa = PBXFileReference; explicitFileType = sourcecode.c.h; fileEncoding = 30; name = config.h; path = ../../addons/ofxOpenCv/libs/opencv/include/opencv2/flann/config.h; sourceTree = SOURCE_ROOT; };
		9C4BEBB5B382B57CF9725AF3 /* simplex_downhill.h */ = {isa = PBXFileReference; explicitFileType = sourcecode.c.h; fileEncoding = 30; name = simplex_downhill.h; path = ../../addons/ofxOpenCv/libs/opencv/include/opencv2/flann/simplex_downhill.h; sourceTree = SOURCE_ROOT; };
		9E1A98EEF14EFCBF969134CD /* Flow.h */ = {isa = PBXFileReference; explicitFileType = sourcecode.c.h; fileEncoding = 30; name = Flow.h; path = ../../addons/ofxCv/libs/ofxCv/include/ofxCv/Flow.h; sourceTree = SOURCE_ROOT; };
		A1D1DE109833A1A613935019 /* hdf5.h */ = {isa = PBXFileReference; explicitFileType = sourcecode.c.h; fileEncoding = 30; name = hdf5.h; path = ../../addons/ofxOpenCv/libs/opencv/include/opencv2/flann/hdf5.h; sourceTree = SOURCE_ROOT; };
		A3451386B70C3591FE2E633E /* fdog.cpp */ = {isa = PBXFileReference; explicitFileType = sourcecode.cpp.cpp; fileEncoding = 30; name = fdog.cpp; path = ../../addons/ofxCv/libs/CLD/src/fdog.cpp; sourceTree = SOURCE_ROOT; };
		A4E16B7E3CCB45B9EA4AD4A5 /* ofxGui.h */ = {isa = PBXFileReference; explicitFileType = sourcecode.c.h; fileEncoding = 30; name = ofxGui.h; path = ../../addons/ofxGui/src/ofxGui.h; sourceTree = SOURCE_ROOT; };
		A6215B180B24E5FA66F6DCF8 /* fdog.h */ = {isa = PBXFileReference; explicitFileType = sourcecode.c.h; fileEncoding = 30; name = fdog.h; path = ../../addons/ofxCv/libs/CLD/include/CLD/fdog.h; sourceTree = SOURCE_ROOT; };
		AC3CF2E9C5449C5123DC5C47 /* ml.hpp */ = {isa = PBXFileReference; explicitFileType = sourcecode.c.h; fileEncoding = 30; name = ml.hpp; path = ../../addons/ofxOpenCv/libs/opencv/include/opencv2/ml/ml.hpp; sourceTree = SOURCE_ROOT; };
		AD84F0EE4CB6E918FB982FC0 /* Helpers.h */ = {isa = PBXFileReference; explicitFileType = sourcecode.c.h; fileEncoding = 30; name = Helpers.h; path = ../../addons/ofxCv/libs/ofxCv/include/ofxCv/Helpers.h; sourceTree = SOURCE_ROOT; };
		AED2CDD781C2C61C511DD170 /* Wrappers.h */ = {isa = PBXFileReference; explicitFileType = sourcecode.c.h; fileEncoding = 30; name = Wrappers.h; path = ../../addons/ofxCv/libs/ofxCv/include/ofxCv/Wrappers.h; sourceTree = SOURCE_ROOT; };
		AF8A3A5953135980AFA4C40D /* Wrappers.cpp */ = {isa = PBXFileReference; explicitFileType = sourcecode.cpp.cpp; fileEncoding = 30; name = Wrappers.cpp; path = ../../addons/ofxCv/libs/ofxCv/src/Wrappers.cpp; sourceTree = SOURCE_ROOT; };
		B021E9EFDF732FC0B0232318 /* mat.hpp */ = {isa = PBXFileReference; explicitFileType = sourcecode.c.h; fileEncoding = 30; name = mat.hpp; path = ../../addons/ofxOpenCv/libs/opencv/include/opencv2/core/mat.hpp; sourceTree = SOURCE_ROOT; };
		B12400EDB0EE58FFA423EE0E /* ofxCvHaarFinder.cpp */ = {isa = PBXFileReference; explicitFileType = sourcecode.cpp.cpp; fileEncoding = 30; name = ofxCvHaarFinder.cpp; path = ../../addons/ofxOpenCv/src/ofxCvHaarFinder.cpp; sourceTree = SOURCE_ROOT; };
		B1338838BDB85E9D54CDA1C7 /* nn_index.h */ = {isa = PBXFileReference; explicitFileType = sourcecode.c.h; fileEncoding = 30; name = nn_index.h; path = ../../addons/ofxOpenCv/libs/opencv/include/opencv2/flann/nn_index.h; sourceTree = SOURCE_ROOT; };
		B54F14A0900F41ADFB2D15DF /* params.h */ = {isa = PBXFileReference; explicitFileType = sourcecode.c.h; fileEncoding = 30; name = params.h; path = ../../addons/ofxOpenCv/libs/opencv/include/opencv2/flann/params.h; sourceTree = SOURCE_ROOT; };
		B5CD2145022DD87DE1399DCA /* cxmisc.h */ = {isa = PBXFileReference; explicitFileType = sourcecode.c.h; fileEncoding = 30; name = cxmisc.h; path = ../../addons/ofxOpenCv/libs/opencv/include/opencv/cxmisc.h; sourceTree = SOURCE_ROOT; };
		B647C46D3728CF38EDFC625B /* ofxCvShortImage.cpp */ = {isa = PBXFileReference; explicitFileType = sourcecode.cpp.cpp; fileEncoding = 30; name = ofxCvShortImage.cpp; path = ../../addons/ofxOpenCv/src/ofxCvShortImage.cpp; sourceTree = SOURCE_ROOT; };
		B6A0795CAF712D189167A3FA /* imgproc_c.h */ = {isa = PBXFileReference; explicitFileType = sourcecode.c.h; fileEncoding = 30; name = imgproc_c.h; path = ../../addons/ofxOpenCv/libs/opencv/include/opencv2/imgproc/imgproc_c.h; sourceTree = SOURCE_ROOT; };
		B845D23042DF20839C788FDC /* composite_index.h */ = {isa = PBXFileReference; explicitFileType = sourcecode.c.h; fileEncoding = 30; name = composite_index.h; path = ../../addons/ofxOpenCv/libs/opencv/include/opencv2/flann/composite_index.h; sourceTree = SOURCE_ROOT; };
		BB12C04D0831209B93E7E90D /* ofxCvHaarFinder.h */ = {isa = PBXFileReference; explicitFileType = sourcecode.c.h; fileEncoding = 30; name = ofxCvHaarFinder.h; path = ../../addons/ofxOpenCv/src/ofxCvHaarFinder.h; sourceTree = SOURCE_ROOT; };
		BBAB23BE13894E4700AA2426 /* GLUT.framework */ = {isa = PBXFileReference; lastKnownFileType = wrapper.framework; name = GLUT.framework; path = ../../libs/glut/lib/osx/GLUT.framework; sourceTree = "<group>"; };
		BEA86F93D6BFAC2EE5D9D7C3 /* ofxCvColorImage.cpp */ = {isa = PBXFileReference; explicitFileType = sourcecode.cpp.cpp; fileEncoding = 30; name = ofxCvColorImage.cpp; path = ../../addons/ofxOpenCv/src/ofxCvColorImage.cpp; sourceTree = SOURCE_ROOT; };
		C096E5814900E8D19B7BF468 /* ContourFinder.cpp */ = {isa = PBXFileReference; explicitFileType = sourcecode.cpp.cpp; fileEncoding = 30; name = ContourFinder.cpp; path = ../../addons/ofxCv/libs/ofxCv/src/ContourFinder.cpp; sourceTree = SOURCE_ROOT; };
		C2049DA02804409E838C2852 /* Utilities.cpp */ = {isa = PBXFileReference; explicitFileType = sourcecode.cpp.cpp; fileEncoding = 30; name = Utilities.cpp; path = ../../addons/ofxCv/libs/ofxCv/src/Utilities.cpp; sourceTree = SOURCE_ROOT; };
		C4FEB98C8FD6691CB7BB9B40 /* timer.h */ = {isa = PBXFileReference; explicitFileType = sourcecode.c.h; fileEncoding = 30; name = timer.h; path = ../../addons/ofxOpenCv/libs/opencv/include/opencv2/flann/timer.h; sourceTree = SOURCE_ROOT; };
		C5E49BBA2137B5D3C56510C4 /* ofxCvContourFinder.h */ = {isa = PBXFileReference; explicitFileType = sourcecode.c.h; fileEncoding = 30; name = ofxCvContourFinder.h; path = ../../addons/ofxOpenCv/src/ofxCvContourFinder.h; sourceTree = SOURCE_ROOT; };
		C846292EE0D139BE5E0C7E7F /* ofxButton.cpp */ = {isa = PBXFileReference; explicitFileType = sourcecode.cpp.cpp; fileEncoding = 30; name = ofxButton.cpp; path = ../../addons/ofxGui/src/ofxButton.cpp; sourceTree = SOURCE_ROOT; };
		CA9A51C6188B1305BBE72335 /* core.hpp */ = {isa = PBXFileReference; explicitFileType = sourcecode.c.h; fileEncoding = 30; name = core.hpp; path = ../../addons/ofxOpenCv/libs/opencv/include/opencv2/core/core.hpp; sourceTree = SOURCE_ROOT; };
		CE77F9F95A2D52802B4F8874 /* ground_truth.h */ = {isa = PBXFileReference; explicitFileType = sourcecode.c.h; fileEncoding = 30; name = ground_truth.h; path = ../../addons/ofxOpenCv/libs/opencv/include/opencv2/flann/ground_truth.h; sourceTree = SOURCE_ROOT; };
		CEC0A65B640729CFBF05911A /* ofxCvFloatImage.cpp */ = {isa = PBXFileReference; explicitFileType = sourcecode.cpp.cpp; fileEncoding = 30; name = ofxCvFloatImage.cpp; path = ../../addons/ofxOpenCv/src/ofxCvFloatImage.cpp; sourceTree = SOURCE_ROOT; };
		CEE147F318F3124E6148B8C5 /* internal.hpp */ = {isa = PBXFileReference; explicitFileType = sourcecode.c.h; fileEncoding = 30; name = internal.hpp; path = ../../addons/ofxOpenCv/libs/opencv/include/opencv2/core/internal.hpp; sourceTree = SOURCE_ROOT; };
		CF6CA69CDA4F0401FEE918D8 /* ofxPanel.h */ = {isa = PBXFileReference; explicitFileType = sourcecode.c.h; fileEncoding = 30; name = ofxPanel.h; path = ../../addons/ofxGui/src/ofxPanel.h; sourceTree = SOURCE_ROOT; };
		CFCAA4D953378BD89C6667D4 /* ofxSlider.cpp */ = {isa = PBXFileReference; explicitFileType = sourcecode.cpp.cpp; fileEncoding = 30; name = ofxSlider.cpp; path = ../../addons/ofxGui/src/ofxSlider.cpp; sourceTree = SOURCE_ROOT; };
		D015FA91E7717ECC9591593E /* ofxGuiGroup.cpp */ = {isa = PBXFileReference; explicitFileType = sourcecode.cpp.cpp; fileEncoding = 30; name = ofxGuiGroup.cpp; path = ../../addons/ofxGui/src/ofxGuiGroup.cpp; sourceTree = SOURCE_ROOT; };
		D1484D2806E7E5ACEEE55436 /* ofxCvImage.cpp */ = {isa = PBXFileReference; explicitFileType = sourcecode.cpp.cpp; fileEncoding = 30; name = ofxCvImage.cpp; path = ../../addons/ofxOpenCv/src/ofxCvImage.cpp; sourceTree = SOURCE_ROOT; };
		D1ECDADBDB16E576478AD767 /* ts.hpp */ = {isa = PBXFileReference; explicitFileType = sourcecode.c.h; fileEncoding = 30; name = ts.hpp; path = ../../addons/ofxOpenCv/libs/opencv/include/opencv2/ts/ts.hpp; sourceTree = SOURCE_ROOT; };
		D2E63DD8B23A1C4251BE81F5 /* RunningBackground.h */ = {isa = PBXFileReference; explicitFileType = sourcecode.c.h; fileEncoding = 30; name = RunningBackground.h; path = ../../addons/ofxCv/libs/ofxCv/include/ofxCv/RunningBackground.h; sourceTree = SOURCE_ROOT; };
		D3CC382A582FDE8C37F7A58C /* ofxCvImage.h */ = {isa = PBXFileReference; explicitFileType = sourcecode.c.h; fileEncoding = 30; name = ofxCvImage.h; path = ../../addons/ofxOpenCv/src/ofxCvImage.h; sourceTree = SOURCE_ROOT; };
		D48085375648E882F2DD0A8B /* blobtrack.hpp */ = {isa = PBXFileReference; explicitFileType = sourcecode.c.h; fileEncoding = 30; name = blobtrack.hpp; path = ../../addons/ofxOpenCv/libs/opencv/include/opencv2/legacy/blobtrack.hpp; sourceTree = SOURCE_ROOT; };
		D84500FB6969501365F37B6C /* lsh_table.h */ = {isa = PBXFileReference; explicitFileType = sourcecode.c.h; fileEncoding = 30; name = lsh_table.h; path = ../../addons/ofxOpenCv/libs/opencv/include/opencv2/flann/lsh_table.h; sourceTree = SOURCE_ROOT; };
		D923CECC93BE9FF42D8F8094 /* general.h */ = {isa = PBXFileReference; explicitFileType = sourcecode.c.h; fileEncoding = 30; name = general.h; path = ../../addons/ofxOpenCv/libs/opencv/include/opencv2/flann/general.h; sourceTree = SOURCE_ROOT; };
		DB8434B6A95834C52E38B376 /* kmeans_index.h */ = {isa = PBXFileReference; explicitFileType = sourcecode.c.h; fileEncoding = 30; name = kmeans_index.h; path = ../../addons/ofxOpenCv/libs/opencv/include/opencv2/flann/kmeans_index.h; sourceTree = SOURCE_ROOT; };
		E285E7ECD522604976914280 /* highgui.hpp */ = {isa = PBXFileReference; explicitFileType = sourcecode.c.h; fileEncoding = 30; name = highgui.hpp; path = ../../addons/ofxOpenCv/libs/opencv/include/opencv2/highgui/highgui.hpp; sourceTree = SOURCE_ROOT; };
		E43148A214F6DC0133A05AE4 /* highgui_c.h */ = {isa = PBXFileReference; explicitFileType = sourcecode.c.h; fileEncoding = 30; name = highgui_c.h; path = ../../addons/ofxOpenCv/libs/opencv/include/opencv2/highgui/highgui_c.h; sourceTree = SOURCE_ROOT; };
		E4328143138ABC890047C5CB /* openFrameworksLib.xcodeproj */ = {isa = PBXFileReference; lastKnownFileType = "wrapper.pb-project"; name = openFrameworksLib.xcodeproj; path = ../../libs/openFrameworksCompiled/project/osx/openFrameworksLib.xcodeproj; sourceTree = SOURCE_ROOT; };
		E45BE9710E8CC7DD009D7055 /* AGL.framework */ = {isa = PBXFileReference; lastKnownFileType = wrapper.framework; name = AGL.framework; path = /System/Library/Frameworks/AGL.framework; sourceTree = "<absolute>"; };
		E45BE9720E8CC7DD009D7055 /* ApplicationServices.framework */ = {isa = PBXFileReference; lastKnownFileType = wrapper.framework; name = ApplicationServices.framework; path = /System/Library/Frameworks/ApplicationServices.framework; sourceTree = "<absolute>"; };
		E45BE9730E8CC7DD009D7055 /* AudioToolbox.framework */ = {isa = PBXFileReference; lastKnownFileType = wrapper.framework; name = AudioToolbox.framework; path = /System/Library/Frameworks/AudioToolbox.framework; sourceTree = "<absolute>"; };
		E45BE9750E8CC7DD009D7055 /* CoreAudio.framework */ = {isa = PBXFileReference; lastKnownFileType = wrapper.framework; name = CoreAudio.framework; path = /System/Library/Frameworks/CoreAudio.framework; sourceTree = "<absolute>"; };
		E45BE9760E8CC7DD009D7055 /* CoreFoundation.framework */ = {isa = PBXFileReference; lastKnownFileType = wrapper.framework; name = CoreFoundation.framework; path = /System/Library/Frameworks/CoreFoundation.framework; sourceTree = "<absolute>"; };
		E45BE9770E8CC7DD009D7055 /* CoreServices.framework */ = {isa = PBXFileReference; lastKnownFileType = wrapper.framework; name = CoreServices.framework; path = /System/Library/Frameworks/CoreServices.framework; sourceTree = "<absolute>"; };
		E45BE9790E8CC7DD009D7055 /* OpenGL.framework */ = {isa = PBXFileReference; lastKnownFileType = wrapper.framework; name = OpenGL.framework; path = /System/Library/Frameworks/OpenGL.framework; sourceTree = "<absolute>"; };
		E45BE97A0E8CC7DD009D7055 /* QuickTime.framework */ = {isa = PBXFileReference; lastKnownFileType = wrapper.framework; name = QuickTime.framework; path = /System/Library/Frameworks/QuickTime.framework; sourceTree = "<absolute>"; };
		E4B69B5B0A3A1756003C02F2 /* ofTouchPianoDebug.app */ = {isa = PBXFileReference; explicitFileType = wrapper.application; includeInIndex = 0; path = ofTouchPianoDebug.app; sourceTree = BUILT_PRODUCTS_DIR; };
		E4B69E1D0A3A1BDC003C02F2 /* main.cpp */ = {isa = PBXFileReference; fileEncoding = 30; lastKnownFileType = sourcecode.cpp.cpp; name = main.cpp; path = src/main.cpp; sourceTree = SOURCE_ROOT; };
		E4B69E1E0A3A1BDC003C02F2 /* ofApp.cpp */ = {isa = PBXFileReference; explicitFileType = sourcecode.cpp.cpp; fileEncoding = 30; name = ofApp.cpp; path = src/ofApp.cpp; sourceTree = SOURCE_ROOT; };
		E4B69E1F0A3A1BDC003C02F2 /* ofApp.h */ = {isa = PBXFileReference; fileEncoding = 30; lastKnownFileType = sourcecode.c.h; name = ofApp.h; path = src/ofApp.h; sourceTree = SOURCE_ROOT; };
		E4B6FCAD0C3E899E008CF71C /* openFrameworks-Info.plist */ = {isa = PBXFileReference; fileEncoding = 30; lastKnownFileType = text.plist.xml; path = "openFrameworks-Info.plist"; sourceTree = "<group>"; };
		E4C2424410CC5A17004149E2 /* AppKit.framework */ = {isa = PBXFileReference; lastKnownFileType = wrapper.framework; name = AppKit.framework; path = /System/Library/Frameworks/AppKit.framework; sourceTree = "<absolute>"; };
		E4C2424510CC5A17004149E2 /* Cocoa.framework */ = {isa = PBXFileReference; lastKnownFileType = wrapper.framework; name = Cocoa.framework; path = /System/Library/Frameworks/Cocoa.framework; sourceTree = "<absolute>"; };
		E4C2424610CC5A17004149E2 /* IOKit.framework */ = {isa = PBXFileReference; lastKnownFileType = wrapper.framework; name = IOKit.framework; path = /System/Library/Frameworks/IOKit.framework; sourceTree = "<absolute>"; };
		E4EB691F138AFCF100A09F29 /* CoreOF.xcconfig */ = {isa = PBXFileReference; fileEncoding = 4; lastKnownFileType = text.xcconfig; name = CoreOF.xcconfig; path = ../../libs/openFrameworksCompiled/project/osx/CoreOF.xcconfig; sourceTree = SOURCE_ROOT; };
		E4EB6923138AFD0F00A09F29 /* Project.xcconfig */ = {isa = PBXFileReference; fileEncoding = 4; lastKnownFileType = text.xcconfig; path = Project.xcconfig; sourceTree = "<group>"; };
		E7E077E415D3B63C0020DFD4 /* CoreVideo.framework */ = {isa = PBXFileReference; lastKnownFileType = wrapper.framework; name = CoreVideo.framework; path = /System/Library/Frameworks/CoreVideo.framework; sourceTree = "<absolute>"; };
		E7E077E715D3B6510020DFD4 /* QTKit.framework */ = {isa = PBXFileReference; lastKnownFileType = wrapper.framework; name = QTKit.framework; path = /System/Library/Frameworks/QTKit.framework; sourceTree = "<absolute>"; };
		E7F985F515E0DE99003869B5 /* Accelerate.framework */ = {isa = PBXFileReference; lastKnownFileType = wrapper.framework; name = Accelerate.framework; path = /System/Library/Frameworks/Accelerate.framework; sourceTree = "<absolute>"; };
		E85BD26E965F514EAF8E559D /* flann.hpp */ = {isa = PBXFileReference; explicitFileType = sourcecode.c.h; fileEncoding = 30; name = flann.hpp; path = ../../addons/ofxOpenCv/libs/opencv/include/opencv2/flann/flann.hpp; sourceTree = SOURCE_ROOT; };
		EA5A8F325D4E96B5741822A3 /* imatrix.h */ = {isa = PBXFileReference; explicitFileType = sourcecode.c.h; fileEncoding = 30; name = imatrix.h; path = ../../addons/ofxCv/libs/CLD/include/CLD/imatrix.h; sourceTree = SOURCE_ROOT; };
		EF4CE49E59F7962D3FC6D99F /* cv.h */ = {isa = PBXFileReference; explicitFileType = sourcecode.c.h; fileEncoding = 30; name = cv.h; path = ../../addons/ofxOpenCv/libs/opencv/include/opencv/cv.h; sourceTree = SOURCE_ROOT; };
		F3980DE58DF7B0A4396169C0 /* dummy.h */ = {isa = PBXFileReference; explicitFileType = sourcecode.c.h; fileEncoding = 30; name = dummy.h; path = ../../addons/ofxOpenCv/libs/opencv/include/opencv2/flann/dummy.h; sourceTree = SOURCE_ROOT; };
		F3B6297221E0181AA0803152 /* compat.hpp */ = {isa = PBXFileReference; explicitFileType = sourcecode.c.h; fileEncoding = 30; name = compat.hpp; path = ../../addons/ofxOpenCv/libs/opencv/include/opencv2/legacy/compat.hpp; sourceTree = SOURCE_ROOT; };
		F67FC72CB09747C314A7E48C /* contrib.hpp */ = {isa = PBXFileReference; explicitFileType = sourcecode.c.h; fileEncoding = 30; name = contrib.hpp; path = ../../addons/ofxOpenCv/libs/opencv/include/opencv2/contrib/contrib.hpp; sourceTree = SOURCE_ROOT; };
		F7A3590571BF9C9BB7A30F02 /* result_set.h */ = {isa = PBXFileReference; explicitFileType = sourcecode.c.h; fileEncoding = 30; name = result_set.h; path = ../../addons/ofxOpenCv/libs/opencv/include/opencv2/flann/result_set.h; sourceTree = SOURCE_ROOT; };
		F7E061E873AC1C86679E4655 /* ofxBaseGui.cpp */ = {isa = PBXFileReference; explicitFileType = sourcecode.cpp.cpp; fileEncoding = 30; name = ofxBaseGui.cpp; path = ../../addons/ofxGui/src/ofxBaseGui.cpp; sourceTree = SOURCE_ROOT; };
		F834F139F5738A194B9C124E /* eigen.hpp */ = {isa = PBXFileReference; explicitFileType = sourcecode.c.h; fileEncoding = 30; name = eigen.hpp; path = ../../addons/ofxOpenCv/libs/opencv/include/opencv2/core/eigen.hpp; sourceTree = SOURCE_ROOT; };
		FB410DABA2830E8BCC40E05E /* heap.h */ = {isa = PBXFileReference; explicitFileType = sourcecode.c.h; fileEncoding = 30; name = heap.h; path = ../../addons/ofxOpenCv/libs/opencv/include/opencv2/flann/heap.h; sourceTree = SOURCE_ROOT; };
		FECD5E1BCCA5F58ADCEA1E09 /* highgui.h */ = {isa = PBXFileReference; explicitFileType = sourcecode.c.h; fileEncoding = 30; name = highgui.h; path = ../../addons/ofxOpenCv/libs/opencv/include/opencv/highgui.h; sourceTree = SOURCE_ROOT; };
/* End PBXFileReference section */

/* Begin PBXFrameworksBuildPhase section */
		E4B69B590A3A1756003C02F2 /* Frameworks */ = {
			isa = PBXFrameworksBuildPhase;
			buildActionMask = 2147483647;
			files = (
				E7F985F815E0DEA3003869B5 /* Accelerate.framework in Frameworks */,
				E7E077E815D3B6510020DFD4 /* QTKit.framework in Frameworks */,
				E4EB6799138ADC1D00A09F29 /* GLUT.framework in Frameworks */,
				E4328149138ABC9F0047C5CB /* openFrameworksDebug.a in Frameworks */,
				E45BE97B0E8CC7DD009D7055 /* AGL.framework in Frameworks */,
				E45BE97C0E8CC7DD009D7055 /* ApplicationServices.framework in Frameworks */,
				E45BE97D0E8CC7DD009D7055 /* AudioToolbox.framework in Frameworks */,
				E45BE97F0E8CC7DD009D7055 /* CoreAudio.framework in Frameworks */,
				E45BE9800E8CC7DD009D7055 /* CoreFoundation.framework in Frameworks */,
				E45BE9810E8CC7DD009D7055 /* CoreServices.framework in Frameworks */,
				E45BE9830E8CC7DD009D7055 /* OpenGL.framework in Frameworks */,
				E45BE9840E8CC7DD009D7055 /* QuickTime.framework in Frameworks */,
				E4C2424710CC5A17004149E2 /* AppKit.framework in Frameworks */,
				E4C2424810CC5A17004149E2 /* Cocoa.framework in Frameworks */,
				E4C2424910CC5A17004149E2 /* IOKit.framework in Frameworks */,
				E7E077E515D3B63C0020DFD4 /* CoreVideo.framework in Frameworks */,
			);
			runOnlyForDeploymentPostprocessing = 0;
		};
/* End PBXFrameworksBuildPhase section */

/* Begin PBXGroup section */
		0478E60892BF4C0731AE0763 /* ts */ = {
			isa = PBXGroup;
			children = (
				D1ECDADBDB16E576478AD767 /* ts.hpp */,
				2B61A2D69530C86CFBE2CB65 /* ts_gtest.h */,
			);
			name = ts;
			sourceTree = "<group>";
		};
		0F07FE174552DEF007BF5AD5 /* opencv2 */ = {
			isa = PBXGroup;
			children = (
				428EB732FD42504F37BCA78A /* calib3d */,
				170C3384C93B182490DDC9CC /* contrib */,
				A5A3A2F98919E2243C73199C /* core */,
				86FEC009E2721D0FB23338D7 /* features2d */,
				1E45F8C3CCFF6847BFF957AA /* flann */,
				5236346776DB8ECC4B121CA3 /* gpu */,
				9C99831C330874C2B245AB48 /* highgui */,
				3E44059DCBC2444D65660B9C /* imgproc */,
				961A625BD21068033782887C /* legacy */,
				0F288FD421D474F4AE2684D3 /* ml */,
				D0CAFE48EE488EEED9149670 /* objdetect */,
				85B3C7B86B76F0358F049F64 /* opencv.hpp */,
				0478E60892BF4C0731AE0763 /* ts */,
				C58CC92A5283B95AA31D50FB /* video */,
			);
			name = opencv2;
			sourceTree = "<group>";
		};
		0F288FD421D474F4AE2684D3 /* ml */ = {
			isa = PBXGroup;
			children = (
				AC3CF2E9C5449C5123DC5C47 /* ml.hpp */,
			);
			name = ml;
			sourceTree = "<group>";
		};
		13C72B31738CA9F68523CB1C /* include */ = {
			isa = PBXGroup;
			children = (
				4EB038C7DF921AA8A4070286 /* ofxCv */,
			);
			name = include;
			sourceTree = "<group>";
		};
		170C3384C93B182490DDC9CC /* contrib */ = {
			isa = PBXGroup;
			children = (
				F67FC72CB09747C314A7E48C /* contrib.hpp */,
				37565F9A6A9BAB83933F9F09 /* retina.hpp */,
			);
			name = contrib;
			sourceTree = "<group>";
		};
		1E45F8C3CCFF6847BFF957AA /* flann */ = {
			isa = PBXGroup;
			children = (
				875DFFD0B7EF7D7F1DE6783C /* all_indices.h */,
				4F9551C3FBF848DF89031F48 /* allocator.h */,
				40FA6EB56122C95578919F5E /* any.h */,
				4F2523686D5C62AE6A908D37 /* autotuned_index.h */,
				B845D23042DF20839C788FDC /* composite_index.h */,
				93AEB960169F558DA43ADE28 /* config.h */,
				3CF911870940E533C72C5C3D /* defines.h */,
				02248182416165E37BF8B6D3 /* dist.h */,
				F3980DE58DF7B0A4396169C0 /* dummy.h */,
				1A5BD1A56E2B04BD6C212A63 /* dynamic_bitset.h */,
				E85BD26E965F514EAF8E559D /* flann.hpp */,
				2F6A7D3BF4694D651E3F3B70 /* flann_base.hpp */,
				D923CECC93BE9FF42D8F8094 /* general.h */,
				CE77F9F95A2D52802B4F8874 /* ground_truth.h */,
				A1D1DE109833A1A613935019 /* hdf5.h */,
				FB410DABA2830E8BCC40E05E /* heap.h */,
				149EC2D5803444BC98F68EA7 /* hierarchical_clustering_index.h */,
				189C2C29EB8896D8476CA771 /* index_testing.h */,
				739B26286FE49235D3754BC0 /* kdtree_index.h */,
				2F3714ED9FA28845B6C06ED7 /* kdtree_single_index.h */,
				DB8434B6A95834C52E38B376 /* kmeans_index.h */,
				4290CF699587C21860622709 /* linear_index.h */,
				6ADD271F71E5CF8161B45109 /* logger.h */,
				3CC741100B92BDA61AE0539B /* lsh_index.h */,
				D84500FB6969501365F37B6C /* lsh_table.h */,
				59E7025DD3988EC444200EEE /* matrix.h */,
				4544758CCDE8420309DFAB7E /* miniflann.hpp */,
				B1338838BDB85E9D54CDA1C7 /* nn_index.h */,
				377DC4911D8323C5BCDE358C /* object_factory.h */,
				B54F14A0900F41ADFB2D15DF /* params.h */,
				5E3DC78BDF18B305E356514A /* random.h */,
				F7A3590571BF9C9BB7A30F02 /* result_set.h */,
				427E339F3028FB9BD2583091 /* sampling.h */,
				5EC47C2AA32281D0EA6D9907 /* saving.h */,
				9C4BEBB5B382B57CF9725AF3 /* simplex_downhill.h */,
				C4FEB98C8FD6691CB7BB9B40 /* timer.h */,
			);
			name = flann;
			sourceTree = "<group>";
		};
		37CF39B443ACB0F86B1351ED /* src */ = {
			isa = PBXGroup;
			children = (
				00CAF8F7019511653063CD94 /* ETF.cpp */,
				A3451386B70C3591FE2E633E /* fdog.cpp */,
			);
			name = src;
			sourceTree = "<group>";
		};
		3E44059DCBC2444D65660B9C /* imgproc */ = {
			isa = PBXGroup;
			children = (
				2BBA11627E73633AC56D854F /* imgproc.hpp */,
				B6A0795CAF712D189167A3FA /* imgproc_c.h */,
				217416037D6BECCA57032287 /* types_c.h */,
			);
			name = imgproc;
			sourceTree = "<group>";
		};
		428EB732FD42504F37BCA78A /* calib3d */ = {
			isa = PBXGroup;
			children = (
				17964CEE60E51DCFA80FE3FF /* calib3d.hpp */,
			);
			name = calib3d;
			sourceTree = "<group>";
		};
		45591C11B7434576DF6996B4 /* include */ = {
			isa = PBXGroup;
			children = (
				FEA273413D5AFD9607F56ABE /* CLD */,
			);
			name = include;
			sourceTree = "<group>";
		};
		480A780D8D0308AE4A368801 /* ofxGui */ = {
			isa = PBXGroup;
			children = (
				A763ED608B35AE3310251DEE /* src */,
			);
			name = ofxGui;
			sourceTree = "<group>";
		};
		4EB038C7DF921AA8A4070286 /* ofxCv */ = {
			isa = PBXGroup;
			children = (
				1DA21A3E0C1F72C0293C8A15 /* Calibration.h */,
				80DB8A8D74223CEC0901D697 /* ContourFinder.h */,
				46DB532E43D2EA6A1FD36444 /* Distance.h */,
				9E1A98EEF14EFCBF969134CD /* Flow.h */,
				AD84F0EE4CB6E918FB982FC0 /* Helpers.h */,
				1F99A9A9095E30305FD686C3 /* Kalman.h */,
				30FBE956F4C7DC9512650735 /* ObjectFinder.h */,
				D2E63DD8B23A1C4251BE81F5 /* RunningBackground.h */,
				68B7A80AE230B33D7D5A5AFC /* Tracker.h */,
				92EE6ACE72702E26FA299C68 /* Utilities.h */,
				AED2CDD781C2C61C511DD170 /* Wrappers.h */,
			);
			name = ofxCv;
			sourceTree = "<group>";
		};
		5236346776DB8ECC4B121CA3 /* gpu */ = {
			isa = PBXGroup;
			children = (
				79294254C5A26639AA565C63 /* devmem2d.hpp */,
				16C42549454E205E4A4248D2 /* gpu.hpp */,
				48213A907638718C4206147B /* gpumat.hpp */,
				45880FFA3231CAA0144404DB /* matrix_operations.hpp */,
				4B6505ED9C6446DF9FB6AE8A /* stream_accessor.hpp */,
			);
			name = gpu;
			sourceTree = "<group>";
		};
		6025FAF6414C2CA589764D26 /* ofxCv */ = {
			isa = PBXGroup;
			children = (
				873F2BD1A608B2DE7BC81AFB /* src */,
				90D509C72729D1998E28A98F /* libs */,
			);
			name = ofxCv;
			sourceTree = "<group>";
		};
		737B033AA777B67BA4F8F4D2 /* opencv */ = {
			isa = PBXGroup;
			children = (
				EF4CE49E59F7962D3FC6D99F /* cv.h */,
				688CF4088F807990CBF982F4 /* cv.hpp */,
				014EB235B442BDC154E2B4D9 /* cvaux.h */,
				3C2E2D712302594BA928C908 /* cvaux.hpp */,
				90D90726DAE413AB97A99C96 /* cvwimage.h */,
				0D6081D94E2B01A410FBF701 /* cxcore.h */,
				328D3F9EC72E83441FBB1964 /* cxcore.hpp */,
				8D2763C32AE49E5211F562F3 /* cxeigen.hpp */,
				B5CD2145022DD87DE1399DCA /* cxmisc.h */,
				FECD5E1BCCA5F58ADCEA1E09 /* highgui.h */,
				72B09CED9EDEB5AF9DE0104C /* ml.h */,
			);
			name = opencv;
			sourceTree = "<group>";
		};
		7CC1E591490DB083FB916812 /* CLD */ = {
			isa = PBXGroup;
			children = (
				45591C11B7434576DF6996B4 /* include */,
				37CF39B443ACB0F86B1351ED /* src */,
			);
			name = CLD;
			sourceTree = "<group>";
		};
		85961BEC127E2550AA7756C9 /* ofxCv */ = {
			isa = PBXGroup;
			children = (
				13C72B31738CA9F68523CB1C /* include */,
				D240A1DD1AE9F8E81BDBCD2B /* src */,
			);
			name = ofxCv;
			sourceTree = "<group>";
		};
		86FEC009E2721D0FB23338D7 /* features2d */ = {
			isa = PBXGroup;
			children = (
				0471EAB9E74A15026488D972 /* features2d.hpp */,
			);
			name = features2d;
			sourceTree = "<group>";
		};
		873F2BD1A608B2DE7BC81AFB /* src */ = {
			isa = PBXGroup;
			children = (
				0BCCB8E847448841ED987D82 /* ofxCv.h */,
			);
			name = src;
			sourceTree = "<group>";
		};
		90D509C72729D1998E28A98F /* libs */ = {
			isa = PBXGroup;
			children = (
				7CC1E591490DB083FB916812 /* CLD */,
				85961BEC127E2550AA7756C9 /* ofxCv */,
			);
			name = libs;
			sourceTree = "<group>";
		};
		961A625BD21068033782887C /* legacy */ = {
			isa = PBXGroup;
			children = (
				D48085375648E882F2DD0A8B /* blobtrack.hpp */,
				F3B6297221E0181AA0803152 /* compat.hpp */,
				0F8287467456A6632713E15B /* legacy.hpp */,
				73D2DFC7194C57675EC63F0E /* streams.hpp */,
			);
			name = legacy;
			sourceTree = "<group>";
		};
		9C99831C330874C2B245AB48 /* highgui */ = {
			isa = PBXGroup;
			children = (
				E285E7ECD522604976914280 /* highgui.hpp */,
				E43148A214F6DC0133A05AE4 /* highgui_c.h */,
			);
			name = highgui;
			sourceTree = "<group>";
		};
		A0B90D3B0ADB9C1716816714 /* ofxOpenCv */ = {
			isa = PBXGroup;
			children = (
				C756CAAFD542831674E15FE6 /* src */,
				DCC60D6724B56635AE867535 /* libs */,
			);
			name = ofxOpenCv;
			sourceTree = "<group>";
		};
		A5A3A2F98919E2243C73199C /* core */ = {
			isa = PBXGroup;
			children = (
				CA9A51C6188B1305BBE72335 /* core.hpp */,
				797A8282101F29D144C57B64 /* core_c.h */,
				F834F139F5738A194B9C124E /* eigen.hpp */,
				CEE147F318F3124E6148B8C5 /* internal.hpp */,
				B021E9EFDF732FC0B0232318 /* mat.hpp */,
				547A933DA9D18C873D986A2B /* operations.hpp */,
				4D2B970F7E2D8AB7F8A28736 /* types_c.h */,
				8D9A1009207B773EBC732059 /* version.hpp */,
				2E60D09E7C352EE54EDEBB1A /* wimage.hpp */,
			);
			name = core;
			sourceTree = "<group>";
		};
		A763ED608B35AE3310251DEE /* src */ = {
			isa = PBXGroup;
			children = (
				F7E061E873AC1C86679E4655 /* ofxBaseGui.cpp */,
				09B967DE9D9BDF163827DAF3 /* ofxBaseGui.h */,
				C846292EE0D139BE5E0C7E7F /* ofxButton.cpp */,
				7B08E4E649CE19418198659E /* ofxButton.h */,
				A4E16B7E3CCB45B9EA4AD4A5 /* ofxGui.h */,
				D015FA91E7717ECC9591593E /* ofxGuiGroup.cpp */,
				846440EB6A7762A75DC0D661 /* ofxGuiGroup.h */,
				0939545FB9EE4C7784F4342A /* ofxLabel.cpp */,
				8FD1797ECDDC571B75C21646 /* ofxLabel.h */,
				48DCDAD346F8188ABA98C64A /* ofxPanel.cpp */,
				CF6CA69CDA4F0401FEE918D8 /* ofxPanel.h */,
				CFCAA4D953378BD89C6667D4 /* ofxSlider.cpp */,
				42C9C53CA63CC693A1B200FF /* ofxSlider.h */,
				70AAD97154A7F3A7E07DD2E8 /* ofxSliderGroup.cpp */,
				4577B15B4EA8356A26832F9B /* ofxSliderGroup.h */,
				448869D12B9D05298EF975CB /* ofxToggle.cpp */,
				4581B326630EC957ED91E25E /* ofxToggle.h */,
			);
			name = src;
			sourceTree = "<group>";
		};
		AAA97F42C2FE4A31ECFD0585 /* opencv */ = {
			isa = PBXGroup;
			children = (
				F9F05170CB9BDF47DA2B6E6A /* include */,
			);
			name = opencv;
			sourceTree = "<group>";
		};
		BB4B014C10F69532006C3DED /* addons */ = {
			isa = PBXGroup;
			children = (
				480A780D8D0308AE4A368801 /* ofxGui */,
				A0B90D3B0ADB9C1716816714 /* ofxOpenCv */,
				6025FAF6414C2CA589764D26 /* ofxCv */,
			);
			name = addons;
			sourceTree = "<group>";
		};
		BBAB23C913894ECA00AA2426 /* system frameworks */ = {
			isa = PBXGroup;
			children = (
				E7F985F515E0DE99003869B5 /* Accelerate.framework */,
				E4C2424410CC5A17004149E2 /* AppKit.framework */,
				E4C2424510CC5A17004149E2 /* Cocoa.framework */,
				E4C2424610CC5A17004149E2 /* IOKit.framework */,
				E45BE9710E8CC7DD009D7055 /* AGL.framework */,
				E45BE9720E8CC7DD009D7055 /* ApplicationServices.framework */,
				E45BE9730E8CC7DD009D7055 /* AudioToolbox.framework */,
				E45BE9750E8CC7DD009D7055 /* CoreAudio.framework */,
				E45BE9760E8CC7DD009D7055 /* CoreFoundation.framework */,
				E45BE9770E8CC7DD009D7055 /* CoreServices.framework */,
				E45BE9790E8CC7DD009D7055 /* OpenGL.framework */,
				E45BE97A0E8CC7DD009D7055 /* QuickTime.framework */,
				E7E077E415D3B63C0020DFD4 /* CoreVideo.framework */,
				E7E077E715D3B6510020DFD4 /* QTKit.framework */,
			);
			name = "system frameworks";
			sourceTree = "<group>";
		};
		BBAB23CA13894EDB00AA2426 /* 3rd party frameworks */ = {
			isa = PBXGroup;
			children = (
				BBAB23BE13894E4700AA2426 /* GLUT.framework */,
			);
			name = "3rd party frameworks";
			sourceTree = "<group>";
		};
		C58CC92A5283B95AA31D50FB /* video */ = {
			isa = PBXGroup;
			children = (
				4783972A174D4413B88F8AFD /* background_segm.hpp */,
				7DBFDBDB76046177350612D2 /* tracking.hpp */,
				8E0D8EA266C129C148918B81 /* video.hpp */,
			);
			name = video;
			sourceTree = "<group>";
		};
		C756CAAFD542831674E15FE6 /* src */ = {
			isa = PBXGroup;
			children = (
				4D05A05EE7260048569D1077 /* ofxCvBlob.h */,
				BEA86F93D6BFAC2EE5D9D7C3 /* ofxCvColorImage.cpp */,
				307149AFFC2C2950B9990326 /* ofxCvColorImage.h */,
				2F92FA578B5EAEB49229F4EF /* ofxCvConstants.h */,
				4A3B118E824B20B86DF7DE58 /* ofxCvContourFinder.cpp */,
				C5E49BBA2137B5D3C56510C4 /* ofxCvContourFinder.h */,
				CEC0A65B640729CFBF05911A /* ofxCvFloatImage.cpp */,
				236E08D304C8C1F4EFD3620C /* ofxCvFloatImage.h */,
				6ADC1729A74FA3C4546C8168 /* ofxCvGrayscaleImage.cpp */,
				77C5804FE62B44A0DAAD80AE /* ofxCvGrayscaleImage.h */,
				B12400EDB0EE58FFA423EE0E /* ofxCvHaarFinder.cpp */,
				BB12C04D0831209B93E7E90D /* ofxCvHaarFinder.h */,
				D1484D2806E7E5ACEEE55436 /* ofxCvImage.cpp */,
				D3CC382A582FDE8C37F7A58C /* ofxCvImage.h */,
				B647C46D3728CF38EDFC625B /* ofxCvShortImage.cpp */,
				4144FB0C3ECE2DEF836458C5 /* ofxCvShortImage.h */,
				09DF232742611E8F9441A2B9 /* ofxOpenCv.h */,
			);
			name = src;
			sourceTree = "<group>";
		};
		D0CAFE48EE488EEED9149670 /* objdetect */ = {
			isa = PBXGroup;
			children = (
				7580327005E2ED2C282261D4 /* objdetect.hpp */,
			);
			name = objdetect;
			sourceTree = "<group>";
		};
		D240A1DD1AE9F8E81BDBCD2B /* src */ = {
			isa = PBXGroup;
			children = (
				4CFFF9614B061DC1049D6CBB /* Calibration.cpp */,
				C096E5814900E8D19B7BF468 /* ContourFinder.cpp */,
				65F74ADF5A3D2E03D25A7621 /* Distance.cpp */,
				55E4C26E079241E7760E2AD2 /* Flow.cpp */,
				5B37DB41DD23E15E9569EE66 /* Helpers.cpp */,
				3C85800480C12D892AA2F0E9 /* Kalman.cpp */,
				4BD8E09F85BCCC9B76B22F17 /* ObjectFinder.cpp */,
				3F55927604273B50CC60348D /* RunningBackground.cpp */,
				0E481A2C7A5E7551203781D3 /* Tracker.cpp */,
				C2049DA02804409E838C2852 /* Utilities.cpp */,
				AF8A3A5953135980AFA4C40D /* Wrappers.cpp */,
			);
			name = src;
			sourceTree = "<group>";
		};
		DCC60D6724B56635AE867535 /* libs */ = {
			isa = PBXGroup;
			children = (
				AAA97F42C2FE4A31ECFD0585 /* opencv */,
			);
			name = libs;
			sourceTree = "<group>";
		};
		E4328144138ABC890047C5CB /* Products */ = {
			isa = PBXGroup;
			children = (
				E4328148138ABC890047C5CB /* openFrameworksDebug.a */,
			);
			name = Products;
			sourceTree = "<group>";
		};
		E45BE5980E8CC70C009D7055 /* frameworks */ = {
			isa = PBXGroup;
			children = (
				BBAB23CA13894EDB00AA2426 /* 3rd party frameworks */,
				BBAB23C913894ECA00AA2426 /* system frameworks */,
			);
			name = frameworks;
			sourceTree = "<group>";
		};
		E4B69B4A0A3A1720003C02F2 = {
			isa = PBXGroup;
			children = (
				E4B6FCAD0C3E899E008CF71C /* openFrameworks-Info.plist */,
				E4EB6923138AFD0F00A09F29 /* Project.xcconfig */,
				E4B69E1C0A3A1BDC003C02F2 /* src */,
				E4EEC9E9138DF44700A80321 /* openFrameworks */,
				BB4B014C10F69532006C3DED /* addons */,
				E45BE5980E8CC70C009D7055 /* frameworks */,
				E4B69B5B0A3A1756003C02F2 /* ofTouchPianoDebug.app */,
			);
			sourceTree = "<group>";
		};
		E4B69E1C0A3A1BDC003C02F2 /* src */ = {
			isa = PBXGroup;
			children = (
				E4B69E1D0A3A1BDC003C02F2 /* main.cpp */,
				5A19C8731AC7968100E4085A /* Sound.cpp */,
				5A19C8741AC7968100E4085A /* Sound.h */,
				E4B69E1E0A3A1BDC003C02F2 /* ofApp.cpp */,
				E4B69E1F0A3A1BDC003C02F2 /* ofApp.h */,
			);
			path = src;
			sourceTree = SOURCE_ROOT;
		};
		E4EEC9E9138DF44700A80321 /* openFrameworks */ = {
			isa = PBXGroup;
			children = (
				E4EB691F138AFCF100A09F29 /* CoreOF.xcconfig */,
				E4328143138ABC890047C5CB /* openFrameworksLib.xcodeproj */,
			);
			name = openFrameworks;
			sourceTree = "<group>";
		};
		F9F05170CB9BDF47DA2B6E6A /* include */ = {
			isa = PBXGroup;
			children = (
				737B033AA777B67BA4F8F4D2 /* opencv */,
				0F07FE174552DEF007BF5AD5 /* opencv2 */,
			);
			name = include;
			sourceTree = "<group>";
		};
		FEA273413D5AFD9607F56ABE /* CLD */ = {
			isa = PBXGroup;
			children = (
				8B96A4C04BA05AE064B1D86F /* ETF.h */,
				A6215B180B24E5FA66F6DCF8 /* fdog.h */,
				EA5A8F325D4E96B5741822A3 /* imatrix.h */,
				1721C7FA4331C81A7A132948 /* myvec.h */,
			);
			name = CLD;
			sourceTree = "<group>";
		};
/* End PBXGroup section */

/* Begin PBXNativeTarget section */
		E4B69B5A0A3A1756003C02F2 /* ofTouchPiano */ = {
			isa = PBXNativeTarget;
			buildConfigurationList = E4B69B5F0A3A1757003C02F2 /* Build configuration list for PBXNativeTarget "ofTouchPiano" */;
			buildPhases = (
				E4B69B580A3A1756003C02F2 /* Sources */,
				E4B69B590A3A1756003C02F2 /* Frameworks */,
				E4B6FFFD0C3F9AB9008CF71C /* ShellScript */,
				E4C2427710CC5ABF004149E2 /* CopyFiles */,
			);
			buildRules = (
			);
			dependencies = (
				E4EEB9AC138B136A00A80321 /* PBXTargetDependency */,
			);
			name = ofTouchPiano;
			productName = myOFApp;
			productReference = E4B69B5B0A3A1756003C02F2 /* ofTouchPianoDebug.app */;
			productType = "com.apple.product-type.application";
		};
/* End PBXNativeTarget section */

/* Begin PBXProject section */
		E4B69B4C0A3A1720003C02F2 /* Project object */ = {
			isa = PBXProject;
			attributes = {
				LastUpgradeCheck = 0460;
			};
			buildConfigurationList = E4B69B4D0A3A1720003C02F2 /* Build configuration list for PBXProject "ofTouchPiano" */;
			compatibilityVersion = "Xcode 3.2";
			developmentRegion = English;
			hasScannedForEncodings = 0;
			knownRegions = (
				English,
				Japanese,
				French,
				German,
			);
			mainGroup = E4B69B4A0A3A1720003C02F2;
			productRefGroup = E4B69B4A0A3A1720003C02F2;
			projectDirPath = "";
			projectReferences = (
				{
					ProductGroup = E4328144138ABC890047C5CB /* Products */;
					ProjectRef = E4328143138ABC890047C5CB /* openFrameworksLib.xcodeproj */;
				},
			);
			projectRoot = "";
			targets = (
				E4B69B5A0A3A1756003C02F2 /* ofTouchPiano */,
			);
		};
/* End PBXProject section */

/* Begin PBXReferenceProxy section */
		E4328148138ABC890047C5CB /* openFrameworksDebug.a */ = {
			isa = PBXReferenceProxy;
			fileType = archive.ar;
			path = openFrameworksDebug.a;
			remoteRef = E4328147138ABC890047C5CB /* PBXContainerItemProxy */;
			sourceTree = BUILT_PRODUCTS_DIR;
		};
/* End PBXReferenceProxy section */

/* Begin PBXShellScriptBuildPhase section */
		E4B6FFFD0C3F9AB9008CF71C /* ShellScript */ = {
			isa = PBXShellScriptBuildPhase;
			buildActionMask = 2147483647;
			files = (
			);
			inputPaths = (
			);
			outputPaths = (
			);
			runOnlyForDeploymentPostprocessing = 0;
			shellPath = /bin/sh;
			shellScript = "cp -f ../../libs/fmodex/lib/osx/libfmodex.dylib \"$TARGET_BUILD_DIR/$PRODUCT_NAME.app/Contents/MacOS/libfmodex.dylib\"; install_name_tool -change ./libfmodex.dylib @executable_path/libfmodex.dylib \"$TARGET_BUILD_DIR/$PRODUCT_NAME.app/Contents/MacOS/$PRODUCT_NAME\";\nmkdir -p \"$TARGET_BUILD_DIR/$PRODUCT_NAME.app/Contents/Resources/\"\ncp -f \"$ICON_FILE\" \"$TARGET_BUILD_DIR/$PRODUCT_NAME.app/Contents/Resources/\"\n";
		};
/* End PBXShellScriptBuildPhase section */

/* Begin PBXSourcesBuildPhase section */
		E4B69B580A3A1756003C02F2 /* Sources */ = {
			isa = PBXSourcesBuildPhase;
			buildActionMask = 2147483647;
			files = (
				E4B69E200A3A1BDC003C02F2 /* main.cpp in Sources */,
				E4B69E210A3A1BDC003C02F2 /* ofApp.cpp in Sources */,
				FA0D4902FAA63D187EA61B31 /* ofxBaseGui.cpp in Sources */,
				92A50AF72101624C3A8E6446 /* ofxButton.cpp in Sources */,
				3A47706C1DF9A0D4045568C0 /* ofxGuiGroup.cpp in Sources */,
				B38AE0704C26620B0B1F72E4 /* ofxLabel.cpp in Sources */,
				0E459598E225E56585AC1CD9 /* ofxPanel.cpp in Sources */,
				9F74DFA8C0F57500C92936C8 /* ofxSlider.cpp in Sources */,
				A3C6983F8768ECD6DBA89E0F /* ofxSliderGroup.cpp in Sources */,
				413A3F52C6AC90B4F28A6A1C /* ofxToggle.cpp in Sources */,
				5A19C8751AC7968200E4085A /* Sound.cpp in Sources */,
				4927BB9D11FF7F57D3E2B51C /* ofxCvColorImage.cpp in Sources */,
				7B402ED651BC0C49EF93DFF3 /* ofxCvContourFinder.cpp in Sources */,
				4658A6A134834CAE7045FA19 /* ofxCvFloatImage.cpp in Sources */,
				40E7CEC62E17A8F6E6A443AE /* ofxCvGrayscaleImage.cpp in Sources */,
				28189DB43CD152201712E778 /* ofxCvHaarFinder.cpp in Sources */,
				63512F2008E135A7A3860582 /* ofxCvImage.cpp in Sources */,
				FEE13C3059BFBFB576FCBAF7 /* ofxCvShortImage.cpp in Sources */,
				B7909929755C0547A366A91D /* ETF.cpp in Sources */,
				DFCEB593AFB10B3AB1B4E26F /* fdog.cpp in Sources */,
				6D69B5B606A5F6A8665A7BF9 /* Calibration.cpp in Sources */,
				FB436CF053C362ED0C07B967 /* ContourFinder.cpp in Sources */,
				1292E1D419C1CD74E94BBFE8 /* Distance.cpp in Sources */,
				FDD2B9823E25412D3B4FEA5A /* Flow.cpp in Sources */,
				7F132770802F94FC6CC52A33 /* Helpers.cpp in Sources */,
				134B22A79BFCBEF5174DCA05 /* Kalman.cpp in Sources */,
				87DD7E21053665D31B9BF7CD /* ObjectFinder.cpp in Sources */,
				3EA704FE7EA39369A669859F /* RunningBackground.cpp in Sources */,
				D960334E6B29C99CB850BA11 /* Tracker.cpp in Sources */,
				447189475C7D8D0CC9C36B84 /* Utilities.cpp in Sources */,
				10939A98DD9B18CAABF72991 /* Wrappers.cpp in Sources */,
			);
			runOnlyForDeploymentPostprocessing = 0;
		};
/* End PBXSourcesBuildPhase section */

/* Begin PBXTargetDependency section */
		E4EEB9AC138B136A00A80321 /* PBXTargetDependency */ = {
			isa = PBXTargetDependency;
			name = openFrameworks;
			targetProxy = E4EEB9AB138B136A00A80321 /* PBXContainerItemProxy */;
		};
/* End PBXTargetDependency section */

/* Begin XCBuildConfiguration section */
		E4B69B4E0A3A1720003C02F2 /* Debug */ = {
			isa = XCBuildConfiguration;
			baseConfigurationReference = E4EB6923138AFD0F00A09F29 /* Project.xcconfig */;
			buildSettings = {
				ARCHS = "$(NATIVE_ARCH)";
				CONFIGURATION_BUILD_DIR = "$(SRCROOT)/bin/";
				COPY_PHASE_STRIP = NO;
				DEAD_CODE_STRIPPING = YES;
				GCC_AUTO_VECTORIZATION = YES;
				GCC_ENABLE_SSE3_EXTENSIONS = YES;
				GCC_ENABLE_SUPPLEMENTAL_SSE3_INSTRUCTIONS = YES;
				GCC_INLINES_ARE_PRIVATE_EXTERN = NO;
				GCC_OPTIMIZATION_LEVEL = 0;
				GCC_SYMBOLS_PRIVATE_EXTERN = NO;
				GCC_WARN_ABOUT_DEPRECATED_FUNCTIONS = YES;
				GCC_WARN_ABOUT_INVALID_OFFSETOF_MACRO = NO;
				GCC_WARN_ALLOW_INCOMPLETE_PROTOCOL = NO;
				GCC_WARN_UNINITIALIZED_AUTOS = NO;
				GCC_WARN_UNUSED_VALUE = NO;
				GCC_WARN_UNUSED_VARIABLE = NO;
				HEADER_SEARCH_PATHS = (
					"$(OF_CORE_HEADERS)",
					../../addons/ofxGui/libs,
					../../addons/ofxGui/src,
					../../addons/ofxOpenCv/libs,
					../../addons/ofxOpenCv/libs/opencv,
					../../addons/ofxOpenCv/libs/opencv/include,
					../../addons/ofxOpenCv/libs/opencv/include/opencv,
					../../addons/ofxOpenCv/libs/opencv/include/opencv2,
					../../addons/ofxOpenCv/libs/opencv/include/opencv2/calib3d,
					../../addons/ofxOpenCv/libs/opencv/include/opencv2/contrib,
					../../addons/ofxOpenCv/libs/opencv/include/opencv2/core,
					../../addons/ofxOpenCv/libs/opencv/include/opencv2/features2d,
					../../addons/ofxOpenCv/libs/opencv/include/opencv2/flann,
					../../addons/ofxOpenCv/libs/opencv/include/opencv2/gpu,
					../../addons/ofxOpenCv/libs/opencv/include/opencv2/highgui,
					../../addons/ofxOpenCv/libs/opencv/include/opencv2/imgproc,
					../../addons/ofxOpenCv/libs/opencv/include/opencv2/legacy,
					../../addons/ofxOpenCv/libs/opencv/include/opencv2/ml,
					../../addons/ofxOpenCv/libs/opencv/include/opencv2/objdetect,
					../../addons/ofxOpenCv/libs/opencv/include/opencv2/ts,
					../../addons/ofxOpenCv/libs/opencv/include/opencv2/video,
					../../addons/ofxOpenCv/libs/opencv/lib,
					../../addons/ofxOpenCv/libs/opencv/lib/osx,
					../../addons/ofxOpenCv/src,
					../../addons/ofxCv/libs,
					../../addons/ofxCv/libs/CLD,
					../../addons/ofxCv/libs/CLD/include,
					../../addons/ofxCv/libs/CLD/include/CLD,
					../../addons/ofxCv/libs/CLD/src,
					../../addons/ofxCv/libs/ofxCv,
					../../addons/ofxCv/libs/ofxCv/include,
					../../addons/ofxCv/libs/ofxCv/include/ofxCv,
					../../addons/ofxCv/libs/ofxCv/src,
					../../addons/ofxCv/src,
				);
				MACOSX_DEPLOYMENT_TARGET = 10.6;
				OTHER_CPLUSPLUSFLAGS = (
					"-D__MACOSX_CORE__",
					"-lpthread",
					"-mtune=native",
				);
				OTHER_LDFLAGS = (
					"$(OF_CORE_LIBS)",
					../../addons/ofxOpenCv/libs/opencv/lib/osx/opencv.a,
				);
				SDKROOT = macosx;
			};
			name = Debug;
		};
		E4B69B4F0A3A1720003C02F2 /* Release */ = {
			isa = XCBuildConfiguration;
			baseConfigurationReference = E4EB6923138AFD0F00A09F29 /* Project.xcconfig */;
			buildSettings = {
				ARCHS = "$(NATIVE_ARCH)";
				CONFIGURATION_BUILD_DIR = "$(SRCROOT)/bin/";
				COPY_PHASE_STRIP = YES;
				DEAD_CODE_STRIPPING = YES;
				GCC_AUTO_VECTORIZATION = YES;
				GCC_ENABLE_SSE3_EXTENSIONS = YES;
				GCC_ENABLE_SUPPLEMENTAL_SSE3_INSTRUCTIONS = YES;
				GCC_INLINES_ARE_PRIVATE_EXTERN = NO;
				GCC_OPTIMIZATION_LEVEL = 3;
				GCC_SYMBOLS_PRIVATE_EXTERN = NO;
				GCC_UNROLL_LOOPS = YES;
				GCC_WARN_ABOUT_DEPRECATED_FUNCTIONS = YES;
				GCC_WARN_ABOUT_INVALID_OFFSETOF_MACRO = NO;
				GCC_WARN_ALLOW_INCOMPLETE_PROTOCOL = NO;
				GCC_WARN_UNINITIALIZED_AUTOS = NO;
				GCC_WARN_UNUSED_VALUE = NO;
				GCC_WARN_UNUSED_VARIABLE = NO;
				HEADER_SEARCH_PATHS = (
					"$(OF_CORE_HEADERS)",
					../../addons/ofxGui/libs,
					../../addons/ofxGui/src,
					../../addons/ofxOpenCv/libs,
					../../addons/ofxOpenCv/libs/opencv,
					../../addons/ofxOpenCv/libs/opencv/include,
					../../addons/ofxOpenCv/libs/opencv/include/opencv,
					../../addons/ofxOpenCv/libs/opencv/include/opencv2,
					../../addons/ofxOpenCv/libs/opencv/include/opencv2/calib3d,
					../../addons/ofxOpenCv/libs/opencv/include/opencv2/contrib,
					../../addons/ofxOpenCv/libs/opencv/include/opencv2/core,
					../../addons/ofxOpenCv/libs/opencv/include/opencv2/features2d,
					../../addons/ofxOpenCv/libs/opencv/include/opencv2/flann,
					../../addons/ofxOpenCv/libs/opencv/include/opencv2/gpu,
					../../addons/ofxOpenCv/libs/opencv/include/opencv2/highgui,
					../../addons/ofxOpenCv/libs/opencv/include/opencv2/imgproc,
					../../addons/ofxOpenCv/libs/opencv/include/opencv2/legacy,
					../../addons/ofxOpenCv/libs/opencv/include/opencv2/ml,
					../../addons/ofxOpenCv/libs/opencv/include/opencv2/objdetect,
					../../addons/ofxOpenCv/libs/opencv/include/opencv2/ts,
					../../addons/ofxOpenCv/libs/opencv/include/opencv2/video,
					../../addons/ofxOpenCv/libs/opencv/lib,
					../../addons/ofxOpenCv/libs/opencv/lib/osx,
					../../addons/ofxOpenCv/src,
					../../addons/ofxCv/libs,
					../../addons/ofxCv/libs/CLD,
					../../addons/ofxCv/libs/CLD/include,
					../../addons/ofxCv/libs/CLD/include/CLD,
					../../addons/ofxCv/libs/CLD/src,
					../../addons/ofxCv/libs/ofxCv,
					../../addons/ofxCv/libs/ofxCv/include,
					../../addons/ofxCv/libs/ofxCv/include/ofxCv,
					../../addons/ofxCv/libs/ofxCv/src,
					../../addons/ofxCv/src,
				);
				MACOSX_DEPLOYMENT_TARGET = 10.6;
				OTHER_CPLUSPLUSFLAGS = (
					"-D__MACOSX_CORE__",
					"-lpthread",
					"-mtune=native",
				);
				OTHER_LDFLAGS = (
					"$(OF_CORE_LIBS)",
					../../addons/ofxOpenCv/libs/opencv/lib/osx/opencv.a,
				);
				SDKROOT = macosx;
			};
			name = Release;
		};
		E4B69B600A3A1757003C02F2 /* Debug */ = {
			isa = XCBuildConfiguration;
			buildSettings = {
				COMBINE_HIDPI_IMAGES = YES;
				COPY_PHASE_STRIP = NO;
				FRAMEWORK_SEARCH_PATHS = (
					"$(inherited)",
					"$(FRAMEWORK_SEARCH_PATHS_QUOTED_FOR_TARGET_1)",
				);
				FRAMEWORK_SEARCH_PATHS_QUOTED_FOR_TARGET_1 = "\"$(SRCROOT)/../../libs/glut/lib/osx\"";
				GCC_DYNAMIC_NO_PIC = NO;
				GCC_GENERATE_DEBUGGING_SYMBOLS = YES;
				GCC_MODEL_TUNING = NONE;
				ICON = "$(ICON_NAME_DEBUG)";
				ICON_FILE = "$(ICON_FILE_PATH)$(ICON)";
				INFOPLIST_FILE = "openFrameworks-Info.plist";
				INSTALL_PATH = "$(HOME)/Applications";
				LIBRARY_SEARCH_PATHS = (
					"$(inherited)",
					"$(LIBRARY_SEARCH_PATHS_QUOTED_FOR_TARGET_1)",
					"$(LIBRARY_SEARCH_PATHS_QUOTED_FOR_TARGET_2)",
					"$(LIBRARY_SEARCH_PATHS_QUOTED_FOR_TARGET_3)",
					"$(LIBRARY_SEARCH_PATHS_QUOTED_FOR_TARGET_4)",
					"$(LIBRARY_SEARCH_PATHS_QUOTED_FOR_TARGET_5)",
					"$(LIBRARY_SEARCH_PATHS_QUOTED_FOR_TARGET_6)",
					"$(LIBRARY_SEARCH_PATHS_QUOTED_FOR_TARGET_7)",
					"$(LIBRARY_SEARCH_PATHS_QUOTED_FOR_TARGET_8)",
					"$(LIBRARY_SEARCH_PATHS_QUOTED_FOR_TARGET_9)",
					"$(LIBRARY_SEARCH_PATHS_QUOTED_FOR_TARGET_10)",
					"$(LIBRARY_SEARCH_PATHS_QUOTED_FOR_TARGET_11)",
					"$(LIBRARY_SEARCH_PATHS_QUOTED_FOR_TARGET_12)",
					"$(LIBRARY_SEARCH_PATHS_QUOTED_FOR_TARGET_13)",
					"$(LIBRARY_SEARCH_PATHS_QUOTED_FOR_TARGET_14)",
					"$(LIBRARY_SEARCH_PATHS_QUOTED_FOR_TARGET_15)",
					"$(LIBRARY_SEARCH_PATHS_QUOTED_FOR_TARGET_2)",
					"$(LIBRARY_SEARCH_PATHS_QUOTED_FOR_TARGET_3)",
					"$(LIBRARY_SEARCH_PATHS_QUOTED_FOR_TARGET_7)",
					"$(LIBRARY_SEARCH_PATHS_QUOTED_FOR_TARGET_8)",
					"$(LIBRARY_SEARCH_PATHS_QUOTED_FOR_TARGET_9)",
					"$(LIBRARY_SEARCH_PATHS_QUOTED_FOR_TARGET_10)",
					"$(LIBRARY_SEARCH_PATHS_QUOTED_FOR_TARGET_11)",
					"$(LIBRARY_SEARCH_PATHS_QUOTED_FOR_TARGET_12)",
					"$(LIBRARY_SEARCH_PATHS_QUOTED_FOR_TARGET_13)",
					"$(LIBRARY_SEARCH_PATHS_QUOTED_FOR_TARGET_16)",
					"$(LIBRARY_SEARCH_PATHS_QUOTED_FOR_TARGET_17)",
					"$(LIBRARY_SEARCH_PATHS_QUOTED_FOR_TARGET_18)",
					"$(LIBRARY_SEARCH_PATHS_QUOTED_FOR_TARGET_19)",
					"$(LIBRARY_SEARCH_PATHS_QUOTED_FOR_TARGET_20)",
					"$(LIBRARY_SEARCH_PATHS_QUOTED_FOR_TARGET_21)",
					"$(LIBRARY_SEARCH_PATHS_QUOTED_FOR_TARGET_22)",
					"$(LIBRARY_SEARCH_PATHS_QUOTED_FOR_TARGET_23)",
					"$(LIBRARY_SEARCH_PATHS_QUOTED_FOR_TARGET_24)",
					"$(LIBRARY_SEARCH_PATHS_QUOTED_FOR_TARGET_25)",
					"$(LIBRARY_SEARCH_PATHS_QUOTED_FOR_TARGET_26)",
					"$(LIBRARY_SEARCH_PATHS_QUOTED_FOR_TARGET_27)",
					"$(LIBRARY_SEARCH_PATHS_QUOTED_FOR_TARGET_28)",
					"$(LIBRARY_SEARCH_PATHS_QUOTED_FOR_TARGET_29)",
					"$(LIBRARY_SEARCH_PATHS_QUOTED_FOR_TARGET_30)",
					"$(LIBRARY_SEARCH_PATHS_QUOTED_FOR_TARGET_31)",
					"$(LIBRARY_SEARCH_PATHS_QUOTED_FOR_TARGET_32)",
					"$(LIBRARY_SEARCH_PATHS_QUOTED_FOR_TARGET_33)",
					"$(LIBRARY_SEARCH_PATHS_QUOTED_FOR_TARGET_34)",
					"$(LIBRARY_SEARCH_PATHS_QUOTED_FOR_TARGET_35)",
					"$(LIBRARY_SEARCH_PATHS_QUOTED_FOR_TARGET_36)",
					"$(LIBRARY_SEARCH_PATHS_QUOTED_FOR_TARGET_37)",
					"$(LIBRARY_SEARCH_PATHS_QUOTED_FOR_TARGET_38)",
					"$(LIBRARY_SEARCH_PATHS_QUOTED_FOR_TARGET_39)",
					"$(LIBRARY_SEARCH_PATHS_QUOTED_FOR_TARGET_40)",
					"$(LIBRARY_SEARCH_PATHS_QUOTED_FOR_TARGET_41)",
					"$(LIBRARY_SEARCH_PATHS_QUOTED_FOR_TARGET_42)",
					"$(LIBRARY_SEARCH_PATHS_QUOTED_FOR_TARGET_43)",
					"$(LIBRARY_SEARCH_PATHS_QUOTED_FOR_TARGET_44)",
					"$(LIBRARY_SEARCH_PATHS_QUOTED_FOR_TARGET_45)",
					"$(LIBRARY_SEARCH_PATHS_QUOTED_FOR_TARGET_46)",
					"$(LIBRARY_SEARCH_PATHS_QUOTED_FOR_TARGET_47)",
					"$(LIBRARY_SEARCH_PATHS_QUOTED_FOR_TARGET_48)",
					"$(LIBRARY_SEARCH_PATHS_QUOTED_FOR_TARGET_49)",
					"$(LIBRARY_SEARCH_PATHS_QUOTED_FOR_TARGET_50)",
					"$(LIBRARY_SEARCH_PATHS_QUOTED_FOR_TARGET_51)",
					"$(LIBRARY_SEARCH_PATHS_QUOTED_FOR_TARGET_52)",
				);
				PRODUCT_NAME = "$(TARGET_NAME)Debug";
				WRAPPER_EXTENSION = app;
			};
			name = Debug;
		};
		E4B69B610A3A1757003C02F2 /* Release */ = {
			isa = XCBuildConfiguration;
			buildSettings = {
				COMBINE_HIDPI_IMAGES = YES;
				COPY_PHASE_STRIP = YES;
				FRAMEWORK_SEARCH_PATHS = (
					"$(inherited)",
					"$(FRAMEWORK_SEARCH_PATHS_QUOTED_FOR_TARGET_1)",
				);
				FRAMEWORK_SEARCH_PATHS_QUOTED_FOR_TARGET_1 = "\"$(SRCROOT)/../../libs/glut/lib/osx\"";
				GCC_GENERATE_DEBUGGING_SYMBOLS = YES;
				GCC_MODEL_TUNING = NONE;
				ICON = "$(ICON_NAME_RELEASE)";
				ICON_FILE = "$(ICON_FILE_PATH)$(ICON)";
				INFOPLIST_FILE = "openFrameworks-Info.plist";
				INSTALL_PATH = "$(HOME)/Applications";
				LIBRARY_SEARCH_PATHS = (
					"$(inherited)",
					"$(LIBRARY_SEARCH_PATHS_QUOTED_FOR_TARGET_1)",
					"$(LIBRARY_SEARCH_PATHS_QUOTED_FOR_TARGET_2)",
					"$(LIBRARY_SEARCH_PATHS_QUOTED_FOR_TARGET_3)",
					"$(LIBRARY_SEARCH_PATHS_QUOTED_FOR_TARGET_4)",
					"$(LIBRARY_SEARCH_PATHS_QUOTED_FOR_TARGET_5)",
					"$(LIBRARY_SEARCH_PATHS_QUOTED_FOR_TARGET_6)",
					"$(LIBRARY_SEARCH_PATHS_QUOTED_FOR_TARGET_7)",
					"$(LIBRARY_SEARCH_PATHS_QUOTED_FOR_TARGET_8)",
					"$(LIBRARY_SEARCH_PATHS_QUOTED_FOR_TARGET_9)",
					"$(LIBRARY_SEARCH_PATHS_QUOTED_FOR_TARGET_10)",
					"$(LIBRARY_SEARCH_PATHS_QUOTED_FOR_TARGET_11)",
					"$(LIBRARY_SEARCH_PATHS_QUOTED_FOR_TARGET_12)",
					"$(LIBRARY_SEARCH_PATHS_QUOTED_FOR_TARGET_13)",
					"$(LIBRARY_SEARCH_PATHS_QUOTED_FOR_TARGET_14)",
					"$(LIBRARY_SEARCH_PATHS_QUOTED_FOR_TARGET_15)",
					"$(LIBRARY_SEARCH_PATHS_QUOTED_FOR_TARGET_2)",
					"$(LIBRARY_SEARCH_PATHS_QUOTED_1)",
					"$(LIBRARY_SEARCH_PATHS_QUOTED_FOR_TARGET_3)",
					"$(LIBRARY_SEARCH_PATHS_QUOTED_FOR_TARGET_7)",
					"$(LIBRARY_SEARCH_PATHS_QUOTED_FOR_TARGET_8)",
					"$(LIBRARY_SEARCH_PATHS_QUOTED_FOR_TARGET_9)",
					"$(LIBRARY_SEARCH_PATHS_QUOTED_FOR_TARGET_10)",
					"$(LIBRARY_SEARCH_PATHS_QUOTED_FOR_TARGET_11)",
					"$(LIBRARY_SEARCH_PATHS_QUOTED_FOR_TARGET_12)",
					"$(LIBRARY_SEARCH_PATHS_QUOTED_FOR_TARGET_13)",
					"$(LIBRARY_SEARCH_PATHS_QUOTED_FOR_TARGET_16)",
					"$(LIBRARY_SEARCH_PATHS_QUOTED_FOR_TARGET_17)",
					"$(LIBRARY_SEARCH_PATHS_QUOTED_FOR_TARGET_18)",
					"$(LIBRARY_SEARCH_PATHS_QUOTED_FOR_TARGET_19)",
					"$(LIBRARY_SEARCH_PATHS_QUOTED_FOR_TARGET_20)",
					"$(LIBRARY_SEARCH_PATHS_QUOTED_FOR_TARGET_21)",
					"$(LIBRARY_SEARCH_PATHS_QUOTED_FOR_TARGET_22)",
					"$(LIBRARY_SEARCH_PATHS_QUOTED_FOR_TARGET_23)",
					"$(LIBRARY_SEARCH_PATHS_QUOTED_FOR_TARGET_24)",
					"$(LIBRARY_SEARCH_PATHS_QUOTED_FOR_TARGET_25)",
					"$(LIBRARY_SEARCH_PATHS_QUOTED_FOR_TARGET_26)",
					"$(LIBRARY_SEARCH_PATHS_QUOTED_FOR_TARGET_27)",
					"$(LIBRARY_SEARCH_PATHS_QUOTED_FOR_TARGET_28)",
					"$(LIBRARY_SEARCH_PATHS_QUOTED_FOR_TARGET_29)",
					"$(LIBRARY_SEARCH_PATHS_QUOTED_FOR_TARGET_30)",
					"$(LIBRARY_SEARCH_PATHS_QUOTED_FOR_TARGET_31)",
					"$(LIBRARY_SEARCH_PATHS_QUOTED_FOR_TARGET_32)",
					"$(LIBRARY_SEARCH_PATHS_QUOTED_FOR_TARGET_33)",
					"$(LIBRARY_SEARCH_PATHS_QUOTED_FOR_TARGET_34)",
					"$(LIBRARY_SEARCH_PATHS_QUOTED_FOR_TARGET_35)",
					"$(LIBRARY_SEARCH_PATHS_QUOTED_FOR_TARGET_36)",
					"$(LIBRARY_SEARCH_PATHS_QUOTED_FOR_TARGET_37)",
					"$(LIBRARY_SEARCH_PATHS_QUOTED_FOR_TARGET_38)",
					"$(LIBRARY_SEARCH_PATHS_QUOTED_FOR_TARGET_39)",
					"$(LIBRARY_SEARCH_PATHS_QUOTED_FOR_TARGET_40)",
					"$(LIBRARY_SEARCH_PATHS_QUOTED_FOR_TARGET_41)",
					"$(LIBRARY_SEARCH_PATHS_QUOTED_FOR_TARGET_42)",
					"$(LIBRARY_SEARCH_PATHS_QUOTED_FOR_TARGET_43)",
					"$(LIBRARY_SEARCH_PATHS_QUOTED_FOR_TARGET_44)",
					"$(LIBRARY_SEARCH_PATHS_QUOTED_FOR_TARGET_45)",
					"$(LIBRARY_SEARCH_PATHS_QUOTED_FOR_TARGET_46)",
					"$(LIBRARY_SEARCH_PATHS_QUOTED_FOR_TARGET_47)",
					"$(LIBRARY_SEARCH_PATHS_QUOTED_FOR_TARGET_48)",
					"$(LIBRARY_SEARCH_PATHS_QUOTED_FOR_TARGET_49)",
					"$(LIBRARY_SEARCH_PATHS_QUOTED_FOR_TARGET_50)",
					"$(LIBRARY_SEARCH_PATHS_QUOTED_FOR_TARGET_51)",
				);
				PRODUCT_NAME = "$(TARGET_NAME)";
				WRAPPER_EXTENSION = app;
			};
			name = Release;
		};
/* End XCBuildConfiguration section */

/* Begin XCConfigurationList section */
		E4B69B4D0A3A1720003C02F2 /* Build configuration list for PBXProject "ofTouchPiano" */ = {
			isa = XCConfigurationList;
			buildConfigurations = (
				E4B69B4E0A3A1720003C02F2 /* Debug */,
				E4B69B4F0A3A1720003C02F2 /* Release */,
			);
			defaultConfigurationIsVisible = 0;
			defaultConfigurationName = Release;
		};
		E4B69B5F0A3A1757003C02F2 /* Build configuration list for PBXNativeTarget "ofTouchPiano" */ = {
			isa = XCConfigurationList;
			buildConfigurations = (
				E4B69B600A3A1757003C02F2 /* Debug */,
				E4B69B610A3A1757003C02F2 /* Release */,
			);
			defaultConfigurationIsVisible = 0;
			defaultConfigurationName = Release;
		};
/* End XCConfigurationList section */
	};
	rootObject = E4B69B4C0A3A1720003C02F2 /* Project object */;
}
